// !$*UTF8*$!
{
	archiveVersion = 1;
	classes = {
	};
	objectVersion = 46;
	objects = {

/* Begin PBXBuildFile section */
		1E0B302B1DF93C2A003FE38C /* sdefaultImage.png in Resources */ = {isa = PBXBuildFile; fileRef = 1E0B30011DF93C2A003FE38C /* sdefaultImage.png */; };
		1E0B302C1DF93C2A003FE38C /* navBar.png in Resources */ = {isa = PBXBuildFile; fileRef = 1E0B30051DF93C2A003FE38C /* navBar.png */; };
		1E0B302D1DF93C2A003FE38C /* navBtn_bag.png in Resources */ = {isa = PBXBuildFile; fileRef = 1E0B30061DF93C2A003FE38C /* navBtn_bag.png */; };
		1E0B302E1DF93C2A003FE38C /* saoyisao@2x.png in Resources */ = {isa = PBXBuildFile; fileRef = 1E0B30071DF93C2A003FE38C /* saoyisao@2x.png */; };
		1E0B302F1DF93C2A003FE38C /* saoyisao@3x.png in Resources */ = {isa = PBXBuildFile; fileRef = 1E0B30081DF93C2A003FE38C /* saoyisao@3x.png */; };
		1E0B30301DF93C2A003FE38C /* search@2x.png in Resources */ = {isa = PBXBuildFile; fileRef = 1E0B30091DF93C2A003FE38C /* search@2x.png */; };
		1E0B30311DF93C2A003FE38C /* search@3x.png in Resources */ = {isa = PBXBuildFile; fileRef = 1E0B300A1DF93C2A003FE38C /* search@3x.png */; };
		1E0B30321DF93C2A003FE38C /* community_normal@2x.png in Resources */ = {isa = PBXBuildFile; fileRef = 1E0B300D1DF93C2A003FE38C /* community_normal@2x.png */; };
		1E0B30331DF93C2A003FE38C /* community_normal@3x.png in Resources */ = {isa = PBXBuildFile; fileRef = 1E0B300E1DF93C2A003FE38C /* community_normal@3x.png */; };
		1E0B30341DF93C2A003FE38C /* community_select@2x.png in Resources */ = {isa = PBXBuildFile; fileRef = 1E0B300F1DF93C2A003FE38C /* community_select@2x.png */; };
		1E0B30351DF93C2A003FE38C /* community_select@3x.png in Resources */ = {isa = PBXBuildFile; fileRef = 1E0B30101DF93C2A003FE38C /* community_select@3x.png */; };
		1E0B30361DF93C2A003FE38C /* home_normal@2x.png in Resources */ = {isa = PBXBuildFile; fileRef = 1E0B30111DF93C2A003FE38C /* home_normal@2x.png */; };
		1E0B30371DF93C2A003FE38C /* home_normal@3x.png in Resources */ = {isa = PBXBuildFile; fileRef = 1E0B30121DF93C2A003FE38C /* home_normal@3x.png */; };
		1E0B30381DF93C2A003FE38C /* home_select@2x.png in Resources */ = {isa = PBXBuildFile; fileRef = 1E0B30131DF93C2A003FE38C /* home_select@2x.png */; };
		1E0B30391DF93C2A003FE38C /* home_select@3x.png in Resources */ = {isa = PBXBuildFile; fileRef = 1E0B30141DF93C2A003FE38C /* home_select@3x.png */; };
		1E0B303A1DF93C2A003FE38C /* mine_normal@2x.png in Resources */ = {isa = PBXBuildFile; fileRef = 1E0B30151DF93C2A003FE38C /* mine_normal@2x.png */; };
		1E0B303B1DF93C2A003FE38C /* mine_normal@3x.png in Resources */ = {isa = PBXBuildFile; fileRef = 1E0B30161DF93C2A003FE38C /* mine_normal@3x.png */; };
		1E0B303C1DF93C2A003FE38C /* mine_select@2x.png in Resources */ = {isa = PBXBuildFile; fileRef = 1E0B30171DF93C2A003FE38C /* mine_select@2x.png */; };
		1E0B303D1DF93C2A003FE38C /* mine_select@3x.png in Resources */ = {isa = PBXBuildFile; fileRef = 1E0B30181DF93C2A003FE38C /* mine_select@3x.png */; };
		1E0B303E1DF93C2A003FE38C /* shike_normal@2x.png in Resources */ = {isa = PBXBuildFile; fileRef = 1E0B30191DF93C2A003FE38C /* shike_normal@2x.png */; };
		1E0B303F1DF93C2A003FE38C /* shike_normal@3x.png in Resources */ = {isa = PBXBuildFile; fileRef = 1E0B301A1DF93C2A003FE38C /* shike_normal@3x.png */; };
		1E0B30401DF93C2A003FE38C /* shike_select@2x.png in Resources */ = {isa = PBXBuildFile; fileRef = 1E0B301B1DF93C2A003FE38C /* shike_select@2x.png */; };
		1E0B30411DF93C2A003FE38C /* shike_select@3x.png in Resources */ = {isa = PBXBuildFile; fileRef = 1E0B301C1DF93C2A003FE38C /* shike_select@3x.png */; };
		1E0B30421DF93C2A003FE38C /* shop_normal@2x.png in Resources */ = {isa = PBXBuildFile; fileRef = 1E0B301D1DF93C2A003FE38C /* shop_normal@2x.png */; };
		1E0B30431DF93C2A003FE38C /* shop_normal@3x.png in Resources */ = {isa = PBXBuildFile; fileRef = 1E0B301E1DF93C2A003FE38C /* shop_normal@3x.png */; };
		1E0B30441DF93C2A003FE38C /* shop_select@2x.png in Resources */ = {isa = PBXBuildFile; fileRef = 1E0B301F1DF93C2A003FE38C /* shop_select@2x.png */; };
		1E0B30451DF93C2A003FE38C /* shop_select@3x.png in Resources */ = {isa = PBXBuildFile; fileRef = 1E0B30201DF93C2A003FE38C /* shop_select@3x.png */; };
		1E0B30461DF93C2A003FE38C /* more_icon.png in Resources */ = {isa = PBXBuildFile; fileRef = 1E0B30231DF93C2A003FE38C /* more_icon.png */; };
		1E0B30471DF93C2A003FE38C /* play-A@2x.png in Resources */ = {isa = PBXBuildFile; fileRef = 1E0B30241DF93C2A003FE38C /* play-A@2x.png */; };
		1E0B30481DF93C2A003FE38C /* play-A@3x.png in Resources */ = {isa = PBXBuildFile; fileRef = 1E0B30251DF93C2A003FE38C /* play-A@3x.png */; };
		1E0B30491DF93C2A003FE38C /* play.png in Resources */ = {isa = PBXBuildFile; fileRef = 1E0B30261DF93C2A003FE38C /* play.png */; };
		1E0B304A1DF93C2A003FE38C /* report_normal@2x.png in Resources */ = {isa = PBXBuildFile; fileRef = 1E0B30271DF93C2A003FE38C /* report_normal@2x.png */; };
		1E0B304B1DF93C2A003FE38C /* report_normal@3x.png in Resources */ = {isa = PBXBuildFile; fileRef = 1E0B30281DF93C2A003FE38C /* report_normal@3x.png */; };
		1E0B304C1DF93C2A003FE38C /* search1.png in Resources */ = {isa = PBXBuildFile; fileRef = 1E0B30291DF93C2A003FE38C /* search1.png */; };
		68BBEFDD81DC8E16B6C78598 /* Pods_TestKitchen.framework in Frameworks */ = {isa = PBXBuildFile; fileRef = 1BB9C47EBF557F38CD82E647 /* Pods_TestKitchen.framework */; };
		BC42860F1DB9A5060048617F /* AppDelegate.swift in Sources */ = {isa = PBXBuildFile; fileRef = BC42860E1DB9A5060048617F /* AppDelegate.swift */; };
		BC4286111DB9A5060048617F /* ViewController.swift in Sources */ = {isa = PBXBuildFile; fileRef = BC4286101DB9A5060048617F /* ViewController.swift */; };
		BC4286141DB9A5060048617F /* Main.storyboard in Resources */ = {isa = PBXBuildFile; fileRef = BC4286121DB9A5060048617F /* Main.storyboard */; };
		BC4286161DB9A5060048617F /* Assets.xcassets in Resources */ = {isa = PBXBuildFile; fileRef = BC4286151DB9A5060048617F /* Assets.xcassets */; };
		BC4286191DB9A5060048617F /* LaunchScreen.storyboard in Resources */ = {isa = PBXBuildFile; fileRef = BC4286171DB9A5060048617F /* LaunchScreen.storyboard */; };
		BC4286241DB9A5060048617F /* TestKitchenTests.swift in Sources */ = {isa = PBXBuildFile; fileRef = BC4286231DB9A5060048617F /* TestKitchenTests.swift */; };
		BC42862F1DB9A5060048617F /* TestKitchenUITests.swift in Sources */ = {isa = PBXBuildFile; fileRef = BC42862E1DB9A5060048617F /* TestKitchenUITests.swift */; };
		BC4286661DB9A9290048617F /* BaseViewController.swift in Sources */ = {isa = PBXBuildFile; fileRef = BC4286651DB9A9290048617F /* BaseViewController.swift */; };
		BC42866A1DB9AA9A0048617F /* ProfileViewController.swift in Sources */ = {isa = PBXBuildFile; fileRef = BC4286691DB9AA9A0048617F /* ProfileViewController.swift */; };
		BC42866C1DB9AAB10048617F /* MallViewController.swift in Sources */ = {isa = PBXBuildFile; fileRef = BC42866B1DB9AAB10048617F /* MallViewController.swift */; };
		BC42866E1DB9AAC50048617F /* IngredientsViewController.swift in Sources */ = {isa = PBXBuildFile; fileRef = BC42866D1DB9AAC50048617F /* IngredientsViewController.swift */; };
		BC4286701DB9AACF0048617F /* FoodClassViewController.swift in Sources */ = {isa = PBXBuildFile; fileRef = BC42866F1DB9AACF0048617F /* FoodClassViewController.swift */; };
		BC4286721DB9AAE30048617F /* CommunityViewController.swift in Sources */ = {isa = PBXBuildFile; fileRef = BC4286711DB9AAE30048617F /* CommunityViewController.swift */; };
		BC4286741DB9AB830048617F /* MainTabBarViewController.swift in Sources */ = {isa = PBXBuildFile; fileRef = BC4286731DB9AB830048617F /* MainTabBarViewController.swift */; };
		BC4286A71DB9B9820048617F /* UIView+Common.swift in Sources */ = {isa = PBXBuildFile; fileRef = BC4286A61DB9B9820048617F /* UIView+Common.swift */; };
		BC4286A91DB9BA0E0048617F /* UILabel+Commom.swift in Sources */ = {isa = PBXBuildFile; fileRef = BC4286A81DB9BA0E0048617F /* UILabel+Commom.swift */; };
		BC4286AB1DB9BB820048617F /* UIButton+Common.swift in Sources */ = {isa = PBXBuildFile; fileRef = BC4286AA1DB9BB820048617F /* UIButton+Common.swift */; };
		BC4286AD1DB9C3890048617F /* Const.swift in Sources */ = {isa = PBXBuildFile; fileRef = BC4286AC1DB9C3890048617F /* Const.swift */; };
		BC6C13811DC839D100C744BD /* KTCSegCtrl.swift in Sources */ = {isa = PBXBuildFile; fileRef = BC6C13801DC839D100C744BD /* KTCSegCtrl.swift */; };
		BC6C13831DC8428800C744BD /* IngreMaterialView.swift in Sources */ = {isa = PBXBuildFile; fileRef = BC6C13821DC8428800C744BD /* IngreMaterialView.swift */; };
		BC8D59511DBEED5F0029E631 /* IngreRecommendView.swift in Sources */ = {isa = PBXBuildFile; fileRef = BC8D59501DBEED5F0029E631 /* IngreRecommendView.swift */; };
		BCB26E391DCC17EC0067380F /* FoodCourseController.swift in Sources */ = {isa = PBXBuildFile; fileRef = BCB26E1E1DCC17EC0067380F /* FoodCourseController.swift */; };
		BCB26E3A1DCC17EC0067380F /* FoodCourseDetail.swift in Sources */ = {isa = PBXBuildFile; fileRef = BCB26E201DCC17EC0067380F /* FoodCourseDetail.swift */; };
		BCB26E3B1DCC17EC0067380F /* IngreBannerCell.swift in Sources */ = {isa = PBXBuildFile; fileRef = BCB26E261DCC17EC0067380F /* IngreBannerCell.swift */; };
		BCB26E3C1DCC17EC0067380F /* IngreBannerCell.xib in Resources */ = {isa = PBXBuildFile; fileRef = BCB26E271DCC17EC0067380F /* IngreBannerCell.xib */; };
		BCB26E3D1DCC17EC0067380F /* IngreHeaderView.swift in Sources */ = {isa = PBXBuildFile; fileRef = BCB26E281DCC17EC0067380F /* IngreHeaderView.swift */; };
		BCB26E3E1DCC17EC0067380F /* IngreLikeCell.swift in Sources */ = {isa = PBXBuildFile; fileRef = BCB26E291DCC17EC0067380F /* IngreLikeCell.swift */; };
		BCB26E3F1DCC17EC0067380F /* IngreLikeCell.xib in Resources */ = {isa = PBXBuildFile; fileRef = BCB26E2A1DCC17EC0067380F /* IngreLikeCell.xib */; };
		BCB26E401DCC17EC0067380F /* IngrePostCell.swift in Sources */ = {isa = PBXBuildFile; fileRef = BCB26E2B1DCC17EC0067380F /* IngrePostCell.swift */; };
		BCB26E411DCC17EC0067380F /* IngrePostCell.xib in Resources */ = {isa = PBXBuildFile; fileRef = BCB26E2C1DCC17EC0067380F /* IngrePostCell.xib */; };
		BCB26E421DCC17EC0067380F /* IngreRedPacketCell.swift in Sources */ = {isa = PBXBuildFile; fileRef = BCB26E2D1DCC17EC0067380F /* IngreRedPacketCell.swift */; };
		BCB26E431DCC17EC0067380F /* IngreRedPacketCell.xib in Resources */ = {isa = PBXBuildFile; fileRef = BCB26E2E1DCC17EC0067380F /* IngreRedPacketCell.xib */; };
		BCB26E441DCC17EC0067380F /* IngreSceneCell.swift in Sources */ = {isa = PBXBuildFile; fileRef = BCB26E2F1DCC17EC0067380F /* IngreSceneCell.swift */; };
		BCB26E451DCC17EC0067380F /* IngreSceneCell.xib in Resources */ = {isa = PBXBuildFile; fileRef = BCB26E301DCC17EC0067380F /* IngreSceneCell.xib */; };
		BCB26E461DCC17EC0067380F /* IngreSceneListCell.swift in Sources */ = {isa = PBXBuildFile; fileRef = BCB26E311DCC17EC0067380F /* IngreSceneListCell.swift */; };
		BCB26E471DCC17EC0067380F /* IngreSceneListCell.xib in Resources */ = {isa = PBXBuildFile; fileRef = BCB26E321DCC17EC0067380F /* IngreSceneListCell.xib */; };
		BCB26E481DCC17EC0067380F /* IngreTalnetCell.swift in Sources */ = {isa = PBXBuildFile; fileRef = BCB26E331DCC17EC0067380F /* IngreTalnetCell.swift */; };
		BCB26E491DCC17EC0067380F /* IngreTalnetCell.xib in Resources */ = {isa = PBXBuildFile; fileRef = BCB26E341DCC17EC0067380F /* IngreTalnetCell.xib */; };
		BCB26E4A1DCC17EC0067380F /* IngreTodayCell.swift in Sources */ = {isa = PBXBuildFile; fileRef = BCB26E351DCC17EC0067380F /* IngreTodayCell.swift */; };
		BCB26E4B1DCC17EC0067380F /* IngreTodayCell.xib in Resources */ = {isa = PBXBuildFile; fileRef = BCB26E361DCC17EC0067380F /* IngreTodayCell.xib */; };
		BCB26E4C1DCC17EC0067380F /* IngreTopicCell.swift in Sources */ = {isa = PBXBuildFile; fileRef = BCB26E371DCC17EC0067380F /* IngreTopicCell.swift */; };
		BCB26E4D1DCC17EC0067380F /* IngreTopicCell.xib in Resources */ = {isa = PBXBuildFile; fileRef = BCB26E381DCC17EC0067380F /* IngreTopicCell.xib */; };
		BCB26E501DCC183E0067380F /* FCVideoCell.swift in Sources */ = {isa = PBXBuildFile; fileRef = BCB26E4E1DCC183E0067380F /* FCVideoCell.swift */; };
		BCB26E511DCC183E0067380F /* FCVideoCell.xib in Resources */ = {isa = PBXBuildFile; fileRef = BCB26E4F1DCC183E0067380F /* FCVideoCell.xib */; };
		BCB26E541DCC24B10067380F /* SubjectCell.swift in Sources */ = {isa = PBXBuildFile; fileRef = BCB26E521DCC24B10067380F /* SubjectCell.swift */; };
		BCB26E551DCC24B10067380F /* SubjectCell.xib in Resources */ = {isa = PBXBuildFile; fileRef = BCB26E531DCC24B10067380F /* SubjectCell.xib */; };
		BCB26E631DCC2F700067380F /* FCSerialCell.swift in Sources */ = {isa = PBXBuildFile; fileRef = BCB26E621DCC2F700067380F /* FCSerialCell.swift */; };
		BCB26E701DCC69500067380F /* FCCommentCell.swift in Sources */ = {isa = PBXBuildFile; fileRef = BCB26E6E1DCC69500067380F /* FCCommentCell.swift */; };
		BCB26E711DCC69500067380F /* FCCommentCell.xib in Resources */ = {isa = PBXBuildFile; fileRef = BCB26E6F1DCC69500067380F /* FCCommentCell.xib */; };
		BCB26E731DCC696B0067380F /* FoodCourseComment.swift in Sources */ = {isa = PBXBuildFile; fileRef = BCB26E721DCC696B0067380F /* FoodCourseComment.swift */; };
		BCB26E791DCC75130067380F /* KTCTabViewController.swift in Sources */ = {isa = PBXBuildFile; fileRef = BCB26E781DCC75130067380F /* KTCTabViewController.swift */; };
		BCB26E7F1DCC7E6B0067380F /* FCCommentHeader.swift in Sources */ = {isa = PBXBuildFile; fileRef = BCB26E7E1DCC7E6B0067380F /* FCCommentHeader.swift */; };
		BCB26E811DCC7E920067380F /* FCCommentHeader.xib in Resources */ = {isa = PBXBuildFile; fileRef = BCB26E801DCC7E920067380F /* FCCommentHeader.xib */; };
		BCB3A46B1DC9801400A076B0 /* IngreMaterial.swift in Sources */ = {isa = PBXBuildFile; fileRef = BCB3A46A1DC9801400A076B0 /* IngreMaterial.swift */; };
		BCB3A46D1DC9909A00A076B0 /* IngreMaterialCell.swift in Sources */ = {isa = PBXBuildFile; fileRef = BCB3A46C1DC9909A00A076B0 /* IngreMaterialCell.swift */; };
		BCC45EDF1DC05381009BC6EC /* IngreLikeHeaderView.swift in Sources */ = {isa = PBXBuildFile; fileRef = BCC45EDE1DC05381009BC6EC /* IngreLikeHeaderView.swift */; };
		BCD94C3C1DCAD2B1002CDF5A /* KTCService.swift in Sources */ = {isa = PBXBuildFile; fileRef = BCD94C3B1DCAD2B1002CDF5A /* KTCService.swift */; };
		BCD94C3E1DCAD34A002CDF5A /* FoodCourseService.swift in Sources */ = {isa = PBXBuildFile; fileRef = BCD94C3D1DCAD34A002CDF5A /* FoodCourseService.swift */; };
		BCD94C401DCAD3CA002CDF5A /* WebViewService.swift in Sources */ = {isa = PBXBuildFile; fileRef = BCD94C3F1DCAD3CA002CDF5A /* WebViewService.swift */; };
		BCD94C421DCAD3E1002CDF5A /* FoodMatchService.swift in Sources */ = {isa = PBXBuildFile; fileRef = BCD94C411DCAD3E1002CDF5A /* FoodMatchService.swift */; };
		BCD94C441DCAD3F0002CDF5A /* SceneListService.swift in Sources */ = {isa = PBXBuildFile; fileRef = BCD94C431DCAD3F0002CDF5A /* SceneListService.swift */; };
		BCD94C461DCAD403002CDF5A /* FavouritesService.swift in Sources */ = {isa = PBXBuildFile; fileRef = BCD94C451DCAD403002CDF5A /* FavouritesService.swift */; };
		BCD94C481DCAD416002CDF5A /* SceneService.swift in Sources */ = {isa = PBXBuildFile; fileRef = BCD94C471DCAD416002CDF5A /* SceneService.swift */; };
		BCD94C4A1DCAD427002CDF5A /* DishService.swift in Sources */ = {isa = PBXBuildFile; fileRef = BCD94C491DCAD427002CDF5A /* DishService.swift */; };
		BCD94C4C1DCAD431002CDF5A /* VideoService.swift in Sources */ = {isa = PBXBuildFile; fileRef = BCD94C4B1DCAD431002CDF5A /* VideoService.swift */; };
		BCD94C4E1DCAD44E002CDF5A /* RecommendTalnetService.swift in Sources */ = {isa = PBXBuildFile; fileRef = BCD94C4D1DCAD44E002CDF5A /* RecommendTalnetService.swift */; };
		BCD94C501DCAD468002CDF5A /* TalentService.swift in Sources */ = {isa = PBXBuildFile; fileRef = BCD94C4F1DCAD468002CDF5A /* TalentService.swift */; };
		BCD94C521DCAD482002CDF5A /* BoutiquepostService.swift in Sources */ = {isa = PBXBuildFile; fileRef = BCD94C511DCAD482002CDF5A /* BoutiquepostService.swift */; };
		BCD94C541DCAD493002CDF5A /* PostService.swift in Sources */ = {isa = PBXBuildFile; fileRef = BCD94C531DCAD493002CDF5A /* PostService.swift */; };
		BCD94C561DCAD4A5002CDF5A /* SubjectListService.swift in Sources */ = {isa = PBXBuildFile; fileRef = BCD94C551DCAD4A5002CDF5A /* SubjectListService.swift */; };
		BCD94C581DCAD4B2002CDF5A /* MaterialService.swift in Sources */ = {isa = PBXBuildFile; fileRef = BCD94C571DCAD4B2002CDF5A /* MaterialService.swift */; };
		BCF254401DBD9BF700ABD6A7 /* Controllers.json in Resources */ = {isa = PBXBuildFile; fileRef = BCF2543F1DBD9BF700ABD6A7 /* Controllers.json */; };
		BCF254421DBDADA700ABD6A7 /* KTCDownloader.swift in Sources */ = {isa = PBXBuildFile; fileRef = BCF254411DBDADA700ABD6A7 /* KTCDownloader.swift */; };
		BCF254441DBDB6D100ABD6A7 /* IngreRecommend.swift in Sources */ = {isa = PBXBuildFile; fileRef = BCF254431DBDB6D100ABD6A7 /* IngreRecommend.swift */; };
/* End PBXBuildFile section */

/* Begin PBXContainerItemProxy section */
		BC4286201DB9A5060048617F /* PBXContainerItemProxy */ = {
			isa = PBXContainerItemProxy;
			containerPortal = BC4286031DB9A5060048617F /* Project object */;
			proxyType = 1;
			remoteGlobalIDString = BC42860A1DB9A5060048617F;
			remoteInfo = TestKitchen;
		};
		BC42862B1DB9A5060048617F /* PBXContainerItemProxy */ = {
			isa = PBXContainerItemProxy;
			containerPortal = BC4286031DB9A5060048617F /* Project object */;
			proxyType = 1;
			remoteGlobalIDString = BC42860A1DB9A5060048617F;
			remoteInfo = TestKitchen;
		};
/* End PBXContainerItemProxy section */

/* Begin PBXFileReference section */
		170C38FD929CBFC32AAC6E0E /* Pods-TestKitchen.debug.xcconfig */ = {isa = PBXFileReference; includeInIndex = 1; lastKnownFileType = text.xcconfig; name = "Pods-TestKitchen.debug.xcconfig"; path = "Pods/Target Support Files/Pods-TestKitchen/Pods-TestKitchen.debug.xcconfig"; sourceTree = "<group>"; };
		1BB9C47EBF557F38CD82E647 /* Pods_TestKitchen.framework */ = {isa = PBXFileReference; explicitFileType = wrapper.framework; includeInIndex = 0; path = Pods_TestKitchen.framework; sourceTree = BUILT_PRODUCTS_DIR; };
		1E0B30011DF93C2A003FE38C /* sdefaultImage.png */ = {isa = PBXFileReference; lastKnownFileType = image.png; path = sdefaultImage.png; sourceTree = "<group>"; };
		1E0B30051DF93C2A003FE38C /* navBar.png */ = {isa = PBXFileReference; lastKnownFileType = image.png; path = navBar.png; sourceTree = "<group>"; };
		1E0B30061DF93C2A003FE38C /* navBtn_bag.png */ = {isa = PBXFileReference; lastKnownFileType = image.png; path = navBtn_bag.png; sourceTree = "<group>"; };
		1E0B30071DF93C2A003FE38C /* saoyisao@2x.png */ = {isa = PBXFileReference; lastKnownFileType = image.png; path = "saoyisao@2x.png"; sourceTree = "<group>"; };
		1E0B30081DF93C2A003FE38C /* saoyisao@3x.png */ = {isa = PBXFileReference; lastKnownFileType = image.png; path = "saoyisao@3x.png"; sourceTree = "<group>"; };
		1E0B30091DF93C2A003FE38C /* search@2x.png */ = {isa = PBXFileReference; lastKnownFileType = image.png; path = "search@2x.png"; sourceTree = "<group>"; };
		1E0B300A1DF93C2A003FE38C /* search@3x.png */ = {isa = PBXFileReference; lastKnownFileType = image.png; path = "search@3x.png"; sourceTree = "<group>"; };
		1E0B300D1DF93C2A003FE38C /* community_normal@2x.png */ = {isa = PBXFileReference; lastKnownFileType = image.png; path = "community_normal@2x.png"; sourceTree = "<group>"; };
		1E0B300E1DF93C2A003FE38C /* community_normal@3x.png */ = {isa = PBXFileReference; lastKnownFileType = image.png; path = "community_normal@3x.png"; sourceTree = "<group>"; };
		1E0B300F1DF93C2A003FE38C /* community_select@2x.png */ = {isa = PBXFileReference; lastKnownFileType = image.png; path = "community_select@2x.png"; sourceTree = "<group>"; };
		1E0B30101DF93C2A003FE38C /* community_select@3x.png */ = {isa = PBXFileReference; lastKnownFileType = image.png; path = "community_select@3x.png"; sourceTree = "<group>"; };
		1E0B30111DF93C2A003FE38C /* home_normal@2x.png */ = {isa = PBXFileReference; lastKnownFileType = image.png; path = "home_normal@2x.png"; sourceTree = "<group>"; };
		1E0B30121DF93C2A003FE38C /* home_normal@3x.png */ = {isa = PBXFileReference; lastKnownFileType = image.png; path = "home_normal@3x.png"; sourceTree = "<group>"; };
		1E0B30131DF93C2A003FE38C /* home_select@2x.png */ = {isa = PBXFileReference; lastKnownFileType = image.png; path = "home_select@2x.png"; sourceTree = "<group>"; };
		1E0B30141DF93C2A003FE38C /* home_select@3x.png */ = {isa = PBXFileReference; lastKnownFileType = image.png; path = "home_select@3x.png"; sourceTree = "<group>"; };
		1E0B30151DF93C2A003FE38C /* mine_normal@2x.png */ = {isa = PBXFileReference; lastKnownFileType = image.png; path = "mine_normal@2x.png"; sourceTree = "<group>"; };
		1E0B30161DF93C2A003FE38C /* mine_normal@3x.png */ = {isa = PBXFileReference; lastKnownFileType = image.png; path = "mine_normal@3x.png"; sourceTree = "<group>"; };
		1E0B30171DF93C2A003FE38C /* mine_select@2x.png */ = {isa = PBXFileReference; lastKnownFileType = image.png; path = "mine_select@2x.png"; sourceTree = "<group>"; };
		1E0B30181DF93C2A003FE38C /* mine_select@3x.png */ = {isa = PBXFileReference; lastKnownFileType = image.png; path = "mine_select@3x.png"; sourceTree = "<group>"; };
		1E0B30191DF93C2A003FE38C /* shike_normal@2x.png */ = {isa = PBXFileReference; lastKnownFileType = image.png; path = "shike_normal@2x.png"; sourceTree = "<group>"; };
		1E0B301A1DF93C2A003FE38C /* shike_normal@3x.png */ = {isa = PBXFileReference; lastKnownFileType = image.png; path = "shike_normal@3x.png"; sourceTree = "<group>"; };
		1E0B301B1DF93C2A003FE38C /* shike_select@2x.png */ = {isa = PBXFileReference; lastKnownFileType = image.png; path = "shike_select@2x.png"; sourceTree = "<group>"; };
		1E0B301C1DF93C2A003FE38C /* shike_select@3x.png */ = {isa = PBXFileReference; lastKnownFileType = image.png; path = "shike_select@3x.png"; sourceTree = "<group>"; };
		1E0B301D1DF93C2A003FE38C /* shop_normal@2x.png */ = {isa = PBXFileReference; lastKnownFileType = image.png; path = "shop_normal@2x.png"; sourceTree = "<group>"; };
		1E0B301E1DF93C2A003FE38C /* shop_normal@3x.png */ = {isa = PBXFileReference; lastKnownFileType = image.png; path = "shop_normal@3x.png"; sourceTree = "<group>"; };
		1E0B301F1DF93C2A003FE38C /* shop_select@2x.png */ = {isa = PBXFileReference; lastKnownFileType = image.png; path = "shop_select@2x.png"; sourceTree = "<group>"; };
		1E0B30201DF93C2A003FE38C /* shop_select@3x.png */ = {isa = PBXFileReference; lastKnownFileType = image.png; path = "shop_select@3x.png"; sourceTree = "<group>"; };
		1E0B30231DF93C2A003FE38C /* more_icon.png */ = {isa = PBXFileReference; lastKnownFileType = image.png; path = more_icon.png; sourceTree = "<group>"; };
		1E0B30241DF93C2A003FE38C /* play-A@2x.png */ = {isa = PBXFileReference; lastKnownFileType = image.png; path = "play-A@2x.png"; sourceTree = "<group>"; };
		1E0B30251DF93C2A003FE38C /* play-A@3x.png */ = {isa = PBXFileReference; lastKnownFileType = image.png; path = "play-A@3x.png"; sourceTree = "<group>"; };
		1E0B30261DF93C2A003FE38C /* play.png */ = {isa = PBXFileReference; lastKnownFileType = image.png; path = play.png; sourceTree = "<group>"; };
		1E0B30271DF93C2A003FE38C /* report_normal@2x.png */ = {isa = PBXFileReference; lastKnownFileType = image.png; path = "report_normal@2x.png"; sourceTree = "<group>"; };
		1E0B30281DF93C2A003FE38C /* report_normal@3x.png */ = {isa = PBXFileReference; lastKnownFileType = image.png; path = "report_normal@3x.png"; sourceTree = "<group>"; };
		1E0B30291DF93C2A003FE38C /* search1.png */ = {isa = PBXFileReference; lastKnownFileType = image.png; path = search1.png; sourceTree = "<group>"; };
		BC42860B1DB9A5060048617F /* TestKitchen.app */ = {isa = PBXFileReference; explicitFileType = wrapper.application; includeInIndex = 0; path = TestKitchen.app; sourceTree = BUILT_PRODUCTS_DIR; };
		BC42860E1DB9A5060048617F /* AppDelegate.swift */ = {isa = PBXFileReference; lastKnownFileType = sourcecode.swift; path = AppDelegate.swift; sourceTree = "<group>"; };
		BC4286101DB9A5060048617F /* ViewController.swift */ = {isa = PBXFileReference; lastKnownFileType = sourcecode.swift; path = ViewController.swift; sourceTree = "<group>"; };
		BC4286131DB9A5060048617F /* Base */ = {isa = PBXFileReference; lastKnownFileType = file.storyboard; name = Base; path = Base.lproj/Main.storyboard; sourceTree = "<group>"; };
		BC4286151DB9A5060048617F /* Assets.xcassets */ = {isa = PBXFileReference; lastKnownFileType = folder.assetcatalog; path = Assets.xcassets; sourceTree = "<group>"; };
		BC4286181DB9A5060048617F /* Base */ = {isa = PBXFileReference; lastKnownFileType = file.storyboard; name = Base; path = Base.lproj/LaunchScreen.storyboard; sourceTree = "<group>"; };
		BC42861A1DB9A5060048617F /* Info.plist */ = {isa = PBXFileReference; lastKnownFileType = text.plist.xml; path = Info.plist; sourceTree = "<group>"; };
		BC42861F1DB9A5060048617F /* TestKitchenTests.xctest */ = {isa = PBXFileReference; explicitFileType = wrapper.cfbundle; includeInIndex = 0; path = TestKitchenTests.xctest; sourceTree = BUILT_PRODUCTS_DIR; };
		BC4286231DB9A5060048617F /* TestKitchenTests.swift */ = {isa = PBXFileReference; lastKnownFileType = sourcecode.swift; path = TestKitchenTests.swift; sourceTree = "<group>"; };
		BC4286251DB9A5060048617F /* Info.plist */ = {isa = PBXFileReference; lastKnownFileType = text.plist.xml; path = Info.plist; sourceTree = "<group>"; };
		BC42862A1DB9A5060048617F /* TestKitchenUITests.xctest */ = {isa = PBXFileReference; explicitFileType = wrapper.cfbundle; includeInIndex = 0; path = TestKitchenUITests.xctest; sourceTree = BUILT_PRODUCTS_DIR; };
		BC42862E1DB9A5060048617F /* TestKitchenUITests.swift */ = {isa = PBXFileReference; lastKnownFileType = sourcecode.swift; path = TestKitchenUITests.swift; sourceTree = "<group>"; };
		BC4286301DB9A5060048617F /* Info.plist */ = {isa = PBXFileReference; lastKnownFileType = text.plist.xml; path = Info.plist; sourceTree = "<group>"; };
		BC4286651DB9A9290048617F /* BaseViewController.swift */ = {isa = PBXFileReference; fileEncoding = 4; lastKnownFileType = sourcecode.swift; path = BaseViewController.swift; sourceTree = "<group>"; };
		BC4286691DB9AA9A0048617F /* ProfileViewController.swift */ = {isa = PBXFileReference; fileEncoding = 4; lastKnownFileType = sourcecode.swift; path = ProfileViewController.swift; sourceTree = "<group>"; };
		BC42866B1DB9AAB10048617F /* MallViewController.swift */ = {isa = PBXFileReference; fileEncoding = 4; lastKnownFileType = sourcecode.swift; path = MallViewController.swift; sourceTree = "<group>"; };
		BC42866D1DB9AAC50048617F /* IngredientsViewController.swift */ = {isa = PBXFileReference; fileEncoding = 4; lastKnownFileType = sourcecode.swift; path = IngredientsViewController.swift; sourceTree = "<group>"; };
		BC42866F1DB9AACF0048617F /* FoodClassViewController.swift */ = {isa = PBXFileReference; fileEncoding = 4; lastKnownFileType = sourcecode.swift; path = FoodClassViewController.swift; sourceTree = "<group>"; };
		BC4286711DB9AAE30048617F /* CommunityViewController.swift */ = {isa = PBXFileReference; fileEncoding = 4; lastKnownFileType = sourcecode.swift; path = CommunityViewController.swift; sourceTree = "<group>"; };
		BC4286731DB9AB830048617F /* MainTabBarViewController.swift */ = {isa = PBXFileReference; fileEncoding = 4; lastKnownFileType = sourcecode.swift; path = MainTabBarViewController.swift; sourceTree = "<group>"; };
		BC4286A61DB9B9820048617F /* UIView+Common.swift */ = {isa = PBXFileReference; fileEncoding = 4; lastKnownFileType = sourcecode.swift; path = "UIView+Common.swift"; sourceTree = "<group>"; };
		BC4286A81DB9BA0E0048617F /* UILabel+Commom.swift */ = {isa = PBXFileReference; fileEncoding = 4; lastKnownFileType = sourcecode.swift; path = "UILabel+Commom.swift"; sourceTree = "<group>"; };
		BC4286AA1DB9BB820048617F /* UIButton+Common.swift */ = {isa = PBXFileReference; fileEncoding = 4; lastKnownFileType = sourcecode.swift; path = "UIButton+Common.swift"; sourceTree = "<group>"; };
		BC4286AC1DB9C3890048617F /* Const.swift */ = {isa = PBXFileReference; fileEncoding = 4; lastKnownFileType = sourcecode.swift; path = Const.swift; sourceTree = "<group>"; };
		BC6C13801DC839D100C744BD /* KTCSegCtrl.swift */ = {isa = PBXFileReference; fileEncoding = 4; lastKnownFileType = sourcecode.swift; path = KTCSegCtrl.swift; sourceTree = "<group>"; };
		BC6C13821DC8428800C744BD /* IngreMaterialView.swift */ = {isa = PBXFileReference; fileEncoding = 4; lastKnownFileType = sourcecode.swift; path = IngreMaterialView.swift; sourceTree = "<group>"; };
		BC8D59501DBEED5F0029E631 /* IngreRecommendView.swift */ = {isa = PBXFileReference; fileEncoding = 4; lastKnownFileType = sourcecode.swift; path = IngreRecommendView.swift; sourceTree = "<group>"; };
		BCB26E1E1DCC17EC0067380F /* FoodCourseController.swift */ = {isa = PBXFileReference; fileEncoding = 4; lastKnownFileType = sourcecode.swift; path = FoodCourseController.swift; sourceTree = "<group>"; };
		BCB26E201DCC17EC0067380F /* FoodCourseDetail.swift */ = {isa = PBXFileReference; fileEncoding = 4; lastKnownFileType = sourcecode.swift; path = FoodCourseDetail.swift; sourceTree = "<group>"; };
		BCB26E261DCC17EC0067380F /* IngreBannerCell.swift */ = {isa = PBXFileReference; fileEncoding = 4; lastKnownFileType = sourcecode.swift; path = IngreBannerCell.swift; sourceTree = "<group>"; };
		BCB26E271DCC17EC0067380F /* IngreBannerCell.xib */ = {isa = PBXFileReference; fileEncoding = 4; lastKnownFileType = file.xib; path = IngreBannerCell.xib; sourceTree = "<group>"; };
		BCB26E281DCC17EC0067380F /* IngreHeaderView.swift */ = {isa = PBXFileReference; fileEncoding = 4; lastKnownFileType = sourcecode.swift; path = IngreHeaderView.swift; sourceTree = "<group>"; };
		BCB26E291DCC17EC0067380F /* IngreLikeCell.swift */ = {isa = PBXFileReference; fileEncoding = 4; lastKnownFileType = sourcecode.swift; path = IngreLikeCell.swift; sourceTree = "<group>"; };
		BCB26E2A1DCC17EC0067380F /* IngreLikeCell.xib */ = {isa = PBXFileReference; fileEncoding = 4; lastKnownFileType = file.xib; path = IngreLikeCell.xib; sourceTree = "<group>"; };
		BCB26E2B1DCC17EC0067380F /* IngrePostCell.swift */ = {isa = PBXFileReference; fileEncoding = 4; lastKnownFileType = sourcecode.swift; path = IngrePostCell.swift; sourceTree = "<group>"; };
		BCB26E2C1DCC17EC0067380F /* IngrePostCell.xib */ = {isa = PBXFileReference; fileEncoding = 4; lastKnownFileType = file.xib; path = IngrePostCell.xib; sourceTree = "<group>"; };
		BCB26E2D1DCC17EC0067380F /* IngreRedPacketCell.swift */ = {isa = PBXFileReference; fileEncoding = 4; lastKnownFileType = sourcecode.swift; path = IngreRedPacketCell.swift; sourceTree = "<group>"; };
		BCB26E2E1DCC17EC0067380F /* IngreRedPacketCell.xib */ = {isa = PBXFileReference; fileEncoding = 4; lastKnownFileType = file.xib; path = IngreRedPacketCell.xib; sourceTree = "<group>"; };
		BCB26E2F1DCC17EC0067380F /* IngreSceneCell.swift */ = {isa = PBXFileReference; fileEncoding = 4; lastKnownFileType = sourcecode.swift; path = IngreSceneCell.swift; sourceTree = "<group>"; };
		BCB26E301DCC17EC0067380F /* IngreSceneCell.xib */ = {isa = PBXFileReference; fileEncoding = 4; lastKnownFileType = file.xib; path = IngreSceneCell.xib; sourceTree = "<group>"; };
		BCB26E311DCC17EC0067380F /* IngreSceneListCell.swift */ = {isa = PBXFileReference; fileEncoding = 4; lastKnownFileType = sourcecode.swift; path = IngreSceneListCell.swift; sourceTree = "<group>"; };
		BCB26E321DCC17EC0067380F /* IngreSceneListCell.xib */ = {isa = PBXFileReference; fileEncoding = 4; lastKnownFileType = file.xib; path = IngreSceneListCell.xib; sourceTree = "<group>"; };
		BCB26E331DCC17EC0067380F /* IngreTalnetCell.swift */ = {isa = PBXFileReference; fileEncoding = 4; lastKnownFileType = sourcecode.swift; path = IngreTalnetCell.swift; sourceTree = "<group>"; };
		BCB26E341DCC17EC0067380F /* IngreTalnetCell.xib */ = {isa = PBXFileReference; fileEncoding = 4; lastKnownFileType = file.xib; path = IngreTalnetCell.xib; sourceTree = "<group>"; };
		BCB26E351DCC17EC0067380F /* IngreTodayCell.swift */ = {isa = PBXFileReference; fileEncoding = 4; lastKnownFileType = sourcecode.swift; path = IngreTodayCell.swift; sourceTree = "<group>"; };
		BCB26E361DCC17EC0067380F /* IngreTodayCell.xib */ = {isa = PBXFileReference; fileEncoding = 4; lastKnownFileType = file.xib; path = IngreTodayCell.xib; sourceTree = "<group>"; };
		BCB26E371DCC17EC0067380F /* IngreTopicCell.swift */ = {isa = PBXFileReference; fileEncoding = 4; lastKnownFileType = sourcecode.swift; path = IngreTopicCell.swift; sourceTree = "<group>"; };
		BCB26E381DCC17EC0067380F /* IngreTopicCell.xib */ = {isa = PBXFileReference; fileEncoding = 4; lastKnownFileType = file.xib; path = IngreTopicCell.xib; sourceTree = "<group>"; };
		BCB26E4E1DCC183E0067380F /* FCVideoCell.swift */ = {isa = PBXFileReference; fileEncoding = 4; lastKnownFileType = sourcecode.swift; path = FCVideoCell.swift; sourceTree = "<group>"; };
		BCB26E4F1DCC183E0067380F /* FCVideoCell.xib */ = {isa = PBXFileReference; fileEncoding = 4; lastKnownFileType = file.xib; path = FCVideoCell.xib; sourceTree = "<group>"; };
		BCB26E521DCC24B10067380F /* SubjectCell.swift */ = {isa = PBXFileReference; fileEncoding = 4; lastKnownFileType = sourcecode.swift; path = SubjectCell.swift; sourceTree = "<group>"; };
		BCB26E531DCC24B10067380F /* SubjectCell.xib */ = {isa = PBXFileReference; fileEncoding = 4; lastKnownFileType = file.xib; path = SubjectCell.xib; sourceTree = "<group>"; };
		BCB26E621DCC2F700067380F /* FCSerialCell.swift */ = {isa = PBXFileReference; fileEncoding = 4; lastKnownFileType = sourcecode.swift; path = FCSerialCell.swift; sourceTree = "<group>"; };
		BCB26E6E1DCC69500067380F /* FCCommentCell.swift */ = {isa = PBXFileReference; fileEncoding = 4; lastKnownFileType = sourcecode.swift; path = FCCommentCell.swift; sourceTree = "<group>"; };
		BCB26E6F1DCC69500067380F /* FCCommentCell.xib */ = {isa = PBXFileReference; fileEncoding = 4; lastKnownFileType = file.xib; path = FCCommentCell.xib; sourceTree = "<group>"; };
		BCB26E721DCC696B0067380F /* FoodCourseComment.swift */ = {isa = PBXFileReference; fileEncoding = 4; lastKnownFileType = sourcecode.swift; path = FoodCourseComment.swift; sourceTree = "<group>"; };
		BCB26E781DCC75130067380F /* KTCTabViewController.swift */ = {isa = PBXFileReference; fileEncoding = 4; lastKnownFileType = sourcecode.swift; path = KTCTabViewController.swift; sourceTree = "<group>"; };
		BCB26E7E1DCC7E6B0067380F /* FCCommentHeader.swift */ = {isa = PBXFileReference; fileEncoding = 4; lastKnownFileType = sourcecode.swift; path = FCCommentHeader.swift; sourceTree = "<group>"; };
		BCB26E801DCC7E920067380F /* FCCommentHeader.xib */ = {isa = PBXFileReference; fileEncoding = 4; lastKnownFileType = file.xib; path = FCCommentHeader.xib; sourceTree = "<group>"; };
		BCB3A46A1DC9801400A076B0 /* IngreMaterial.swift */ = {isa = PBXFileReference; fileEncoding = 4; lastKnownFileType = sourcecode.swift; path = IngreMaterial.swift; sourceTree = "<group>"; };
		BCB3A46C1DC9909A00A076B0 /* IngreMaterialCell.swift */ = {isa = PBXFileReference; fileEncoding = 4; lastKnownFileType = sourcecode.swift; path = IngreMaterialCell.swift; sourceTree = "<group>"; };
		BCC45EDE1DC05381009BC6EC /* IngreLikeHeaderView.swift */ = {isa = PBXFileReference; fileEncoding = 4; lastKnownFileType = sourcecode.swift; path = IngreLikeHeaderView.swift; sourceTree = "<group>"; };
		BCD94C3B1DCAD2B1002CDF5A /* KTCService.swift */ = {isa = PBXFileReference; fileEncoding = 4; lastKnownFileType = sourcecode.swift; path = KTCService.swift; sourceTree = "<group>"; };
		BCD94C3D1DCAD34A002CDF5A /* FoodCourseService.swift */ = {isa = PBXFileReference; fileEncoding = 4; lastKnownFileType = sourcecode.swift; path = FoodCourseService.swift; sourceTree = "<group>"; };
		BCD94C3F1DCAD3CA002CDF5A /* WebViewService.swift */ = {isa = PBXFileReference; fileEncoding = 4; lastKnownFileType = sourcecode.swift; path = WebViewService.swift; sourceTree = "<group>"; };
		BCD94C411DCAD3E1002CDF5A /* FoodMatchService.swift */ = {isa = PBXFileReference; fileEncoding = 4; lastKnownFileType = sourcecode.swift; path = FoodMatchService.swift; sourceTree = "<group>"; };
		BCD94C431DCAD3F0002CDF5A /* SceneListService.swift */ = {isa = PBXFileReference; fileEncoding = 4; lastKnownFileType = sourcecode.swift; path = SceneListService.swift; sourceTree = "<group>"; };
		BCD94C451DCAD403002CDF5A /* FavouritesService.swift */ = {isa = PBXFileReference; fileEncoding = 4; lastKnownFileType = sourcecode.swift; path = FavouritesService.swift; sourceTree = "<group>"; };
		BCD94C471DCAD416002CDF5A /* SceneService.swift */ = {isa = PBXFileReference; fileEncoding = 4; lastKnownFileType = sourcecode.swift; path = SceneService.swift; sourceTree = "<group>"; };
		BCD94C491DCAD427002CDF5A /* DishService.swift */ = {isa = PBXFileReference; fileEncoding = 4; lastKnownFileType = sourcecode.swift; path = DishService.swift; sourceTree = "<group>"; };
		BCD94C4B1DCAD431002CDF5A /* VideoService.swift */ = {isa = PBXFileReference; fileEncoding = 4; lastKnownFileType = sourcecode.swift; path = VideoService.swift; sourceTree = "<group>"; };
		BCD94C4D1DCAD44E002CDF5A /* RecommendTalnetService.swift */ = {isa = PBXFileReference; fileEncoding = 4; lastKnownFileType = sourcecode.swift; path = RecommendTalnetService.swift; sourceTree = "<group>"; };
		BCD94C4F1DCAD468002CDF5A /* TalentService.swift */ = {isa = PBXFileReference; fileEncoding = 4; lastKnownFileType = sourcecode.swift; path = TalentService.swift; sourceTree = "<group>"; };
		BCD94C511DCAD482002CDF5A /* BoutiquepostService.swift */ = {isa = PBXFileReference; fileEncoding = 4; lastKnownFileType = sourcecode.swift; path = BoutiquepostService.swift; sourceTree = "<group>"; };
		BCD94C531DCAD493002CDF5A /* PostService.swift */ = {isa = PBXFileReference; fileEncoding = 4; lastKnownFileType = sourcecode.swift; path = PostService.swift; sourceTree = "<group>"; };
		BCD94C551DCAD4A5002CDF5A /* SubjectListService.swift */ = {isa = PBXFileReference; fileEncoding = 4; lastKnownFileType = sourcecode.swift; path = SubjectListService.swift; sourceTree = "<group>"; };
		BCD94C571DCAD4B2002CDF5A /* MaterialService.swift */ = {isa = PBXFileReference; fileEncoding = 4; lastKnownFileType = sourcecode.swift; path = MaterialService.swift; sourceTree = "<group>"; };
		BCF2543F1DBD9BF700ABD6A7 /* Controllers.json */ = {isa = PBXFileReference; fileEncoding = 4; lastKnownFileType = text.json; path = Controllers.json; sourceTree = "<group>"; };
		BCF254411DBDADA700ABD6A7 /* KTCDownloader.swift */ = {isa = PBXFileReference; fileEncoding = 4; lastKnownFileType = sourcecode.swift; path = KTCDownloader.swift; sourceTree = "<group>"; };
		BCF254431DBDB6D100ABD6A7 /* IngreRecommend.swift */ = {isa = PBXFileReference; fileEncoding = 4; lastKnownFileType = sourcecode.swift; path = IngreRecommend.swift; sourceTree = "<group>"; };
		F623F3E7899BF83812627EC9 /* Pods-TestKitchen.release.xcconfig */ = {isa = PBXFileReference; includeInIndex = 1; lastKnownFileType = text.xcconfig; name = "Pods-TestKitchen.release.xcconfig"; path = "Pods/Target Support Files/Pods-TestKitchen/Pods-TestKitchen.release.xcconfig"; sourceTree = "<group>"; };
/* End PBXFileReference section */

/* Begin PBXFrameworksBuildPhase section */
		BC4286081DB9A5060048617F /* Frameworks */ = {
			isa = PBXFrameworksBuildPhase;
			buildActionMask = 2147483647;
			files = (
				68BBEFDD81DC8E16B6C78598 /* Pods_TestKitchen.framework in Frameworks */,
			);
			runOnlyForDeploymentPostprocessing = 0;
		};
		BC42861C1DB9A5060048617F /* Frameworks */ = {
			isa = PBXFrameworksBuildPhase;
			buildActionMask = 2147483647;
			files = (
			);
			runOnlyForDeploymentPostprocessing = 0;
		};
		BC4286271DB9A5060048617F /* Frameworks */ = {
			isa = PBXFrameworksBuildPhase;
			buildActionMask = 2147483647;
			files = (
			);
			runOnlyForDeploymentPostprocessing = 0;
		};
/* End PBXFrameworksBuildPhase section */

/* Begin PBXGroup section */
		1E0B2FFF1DF93C2A003FE38C /* resources(资源) */ = {
			isa = PBXGroup;
			children = (
				1E0B30001DF93C2A003FE38C /* 公共 */,
				1E0B30021DF93C2A003FE38C /* 商城 */,
				1E0B30031DF93C2A003FE38C /* 图标和启动图片 */,
				1E0B30041DF93C2A003FE38C /* 导航 */,
				1E0B300B1DF93C2A003FE38C /* 我的 */,
				1E0B300C1DF93C2A003FE38C /* 标签栏 */,
				1E0B30211DF93C2A003FE38C /* 社区 */,
				1E0B30221DF93C2A003FE38C /* 食材 */,
				1E0B302A1DF93C2A003FE38C /* 食课 */,
			);
			path = "resources(资源)";
			sourceTree = "<group>";
		};
		1E0B30001DF93C2A003FE38C /* 公共 */ = {
			isa = PBXGroup;
			children = (
				1E0B30011DF93C2A003FE38C /* sdefaultImage.png */,
			);
			path = "公共";
			sourceTree = "<group>";
		};
		1E0B30021DF93C2A003FE38C /* 商城 */ = {
			isa = PBXGroup;
			children = (
			);
			path = "商城";
			sourceTree = "<group>";
		};
		1E0B30031DF93C2A003FE38C /* 图标和启动图片 */ = {
			isa = PBXGroup;
			children = (
			);
			path = "图标和启动图片";
			sourceTree = "<group>";
		};
		1E0B30041DF93C2A003FE38C /* 导航 */ = {
			isa = PBXGroup;
			children = (
				1E0B30051DF93C2A003FE38C /* navBar.png */,
				1E0B30061DF93C2A003FE38C /* navBtn_bag.png */,
				1E0B30071DF93C2A003FE38C /* saoyisao@2x.png */,
				1E0B30081DF93C2A003FE38C /* saoyisao@3x.png */,
				1E0B30091DF93C2A003FE38C /* search@2x.png */,
				1E0B300A1DF93C2A003FE38C /* search@3x.png */,
			);
			path = "导航";
			sourceTree = "<group>";
		};
		1E0B300B1DF93C2A003FE38C /* 我的 */ = {
			isa = PBXGroup;
			children = (
			);
			path = "我的";
			sourceTree = "<group>";
		};
		1E0B300C1DF93C2A003FE38C /* 标签栏 */ = {
			isa = PBXGroup;
			children = (
				1E0B300D1DF93C2A003FE38C /* community_normal@2x.png */,
				1E0B300E1DF93C2A003FE38C /* community_normal@3x.png */,
				1E0B300F1DF93C2A003FE38C /* community_select@2x.png */,
				1E0B30101DF93C2A003FE38C /* community_select@3x.png */,
				1E0B30111DF93C2A003FE38C /* home_normal@2x.png */,
				1E0B30121DF93C2A003FE38C /* home_normal@3x.png */,
				1E0B30131DF93C2A003FE38C /* home_select@2x.png */,
				1E0B30141DF93C2A003FE38C /* home_select@3x.png */,
				1E0B30151DF93C2A003FE38C /* mine_normal@2x.png */,
				1E0B30161DF93C2A003FE38C /* mine_normal@3x.png */,
				1E0B30171DF93C2A003FE38C /* mine_select@2x.png */,
				1E0B30181DF93C2A003FE38C /* mine_select@3x.png */,
				1E0B30191DF93C2A003FE38C /* shike_normal@2x.png */,
				1E0B301A1DF93C2A003FE38C /* shike_normal@3x.png */,
				1E0B301B1DF93C2A003FE38C /* shike_select@2x.png */,
				1E0B301C1DF93C2A003FE38C /* shike_select@3x.png */,
				1E0B301D1DF93C2A003FE38C /* shop_normal@2x.png */,
				1E0B301E1DF93C2A003FE38C /* shop_normal@3x.png */,
				1E0B301F1DF93C2A003FE38C /* shop_select@2x.png */,
				1E0B30201DF93C2A003FE38C /* shop_select@3x.png */,
			);
			path = "标签栏";
			sourceTree = "<group>";
		};
		1E0B30211DF93C2A003FE38C /* 社区 */ = {
			isa = PBXGroup;
			children = (
			);
			path = "社区";
			sourceTree = "<group>";
		};
		1E0B30221DF93C2A003FE38C /* 食材 */ = {
			isa = PBXGroup;
			children = (
				1E0B30231DF93C2A003FE38C /* more_icon.png */,
				1E0B30241DF93C2A003FE38C /* play-A@2x.png */,
				1E0B30251DF93C2A003FE38C /* play-A@3x.png */,
				1E0B30261DF93C2A003FE38C /* play.png */,
				1E0B30271DF93C2A003FE38C /* report_normal@2x.png */,
				1E0B30281DF93C2A003FE38C /* report_normal@3x.png */,
				1E0B30291DF93C2A003FE38C /* search1.png */,
			);
			path = "食材";
			sourceTree = "<group>";
		};
		1E0B302A1DF93C2A003FE38C /* 食课 */ = {
			isa = PBXGroup;
			children = (
			);
			path = "食课";
			sourceTree = "<group>";
		};
		481B67264BA1405EB2FCDF2E /* Pods */ = {
			isa = PBXGroup;
			children = (
				170C38FD929CBFC32AAC6E0E /* Pods-TestKitchen.debug.xcconfig */,
				F623F3E7899BF83812627EC9 /* Pods-TestKitchen.release.xcconfig */,
			);
			name = Pods;
			sourceTree = "<group>";
		};
		62024D1E941A302D8D7B09C9 /* Frameworks */ = {
			isa = PBXGroup;
			children = (
				1BB9C47EBF557F38CD82E647 /* Pods_TestKitchen.framework */,
			);
			name = Frameworks;
			sourceTree = "<group>";
		};
		BC4286021DB9A5060048617F = {
			isa = PBXGroup;
			children = (
				BC42860D1DB9A5060048617F /* TestKitchen */,
				BC4286221DB9A5060048617F /* TestKitchenTests */,
				BC42862D1DB9A5060048617F /* TestKitchenUITests */,
				BC42860C1DB9A5060048617F /* Products */,
				481B67264BA1405EB2FCDF2E /* Pods */,
				62024D1E941A302D8D7B09C9 /* Frameworks */,
			);
			sourceTree = "<group>";
		};
		BC42860C1DB9A5060048617F /* Products */ = {
			isa = PBXGroup;
			children = (
				BC42860B1DB9A5060048617F /* TestKitchen.app */,
				BC42861F1DB9A5060048617F /* TestKitchenTests.xctest */,
				BC42862A1DB9A5060048617F /* TestKitchenUITests.xctest */,
			);
			name = Products;
			sourceTree = "<group>";
		};
		BC42860D1DB9A5060048617F /* TestKitchen */ = {
			isa = PBXGroup;
			children = (
				BC42863D1DB9A8460048617F /* classes */,
				BC42860E1DB9A5060048617F /* AppDelegate.swift */,
				BC4286101DB9A5060048617F /* ViewController.swift */,
				BC4286121DB9A5060048617F /* Main.storyboard */,
				BC4286151DB9A5060048617F /* Assets.xcassets */,
				BC4286171DB9A5060048617F /* LaunchScreen.storyboard */,
				BC42861A1DB9A5060048617F /* Info.plist */,
			);
			path = TestKitchen;
			sourceTree = "<group>";
		};
		BC4286221DB9A5060048617F /* TestKitchenTests */ = {
			isa = PBXGroup;
			children = (
				BC4286231DB9A5060048617F /* TestKitchenTests.swift */,
				BC4286251DB9A5060048617F /* Info.plist */,
			);
			path = TestKitchenTests;
			sourceTree = "<group>";
		};
		BC42862D1DB9A5060048617F /* TestKitchenUITests */ = {
			isa = PBXGroup;
			children = (
				BC42862E1DB9A5060048617F /* TestKitchenUITests.swift */,
				BC4286301DB9A5060048617F /* Info.plist */,
			);
			path = TestKitchenUITests;
			sourceTree = "<group>";
		};
		BC42863D1DB9A8460048617F /* classes */ = {
			isa = PBXGroup;
			children = (
				1E0B2FFF1DF93C2A003FE38C /* resources(资源) */,
				BC42863E1DB9A8460048617F /* Community社区 */,
				BC4286431DB9A8460048617F /* FoodClass食课 */,
				BC4286481DB9A8460048617F /* Ingredients食材 */,
				BC4286591DB9A8460048617F /* Mall商城 */,
				BC42865E1DB9A8460048617F /* Profile我的 */,
				BC4286631DB9A8460048617F /* Public公共类 */,
			);
			path = classes;
			sourceTree = "<group>";
		};
		BC42863E1DB9A8460048617F /* Community社区 */ = {
			isa = PBXGroup;
			children = (
				BC42863F1DB9A8460048617F /* Main主要模块 */,
			);
			path = "Community社区";
			sourceTree = "<group>";
		};
		BC42863F1DB9A8460048617F /* Main主要模块 */ = {
			isa = PBXGroup;
			children = (
				BC4286401DB9A8460048617F /* controller */,
				BC4286411DB9A8460048617F /* model */,
				BC4286421DB9A8460048617F /* view */,
			);
			path = "Main主要模块";
			sourceTree = "<group>";
		};
		BC4286401DB9A8460048617F /* controller */ = {
			isa = PBXGroup;
			children = (
				BC4286711DB9AAE30048617F /* CommunityViewController.swift */,
			);
			path = controller;
			sourceTree = "<group>";
		};
		BC4286411DB9A8460048617F /* model */ = {
			isa = PBXGroup;
			children = (
			);
			path = model;
			sourceTree = "<group>";
		};
		BC4286421DB9A8460048617F /* view */ = {
			isa = PBXGroup;
			children = (
			);
			path = view;
			sourceTree = "<group>";
		};
		BC4286431DB9A8460048617F /* FoodClass食课 */ = {
			isa = PBXGroup;
			children = (
				BC4286441DB9A8460048617F /* Main主要模块 */,
			);
			name = "FoodClass食课";
			path = "FoodClass食谱";
			sourceTree = "<group>";
		};
		BC4286441DB9A8460048617F /* Main主要模块 */ = {
			isa = PBXGroup;
			children = (
				BC4286451DB9A8460048617F /* controller */,
				BC4286461DB9A8460048617F /* model */,
				BC4286471DB9A8460048617F /* view */,
			);
			path = "Main主要模块";
			sourceTree = "<group>";
		};
		BC4286451DB9A8460048617F /* controller */ = {
			isa = PBXGroup;
			children = (
				BC42866F1DB9AACF0048617F /* FoodClassViewController.swift */,
			);
			path = controller;
			sourceTree = "<group>";
		};
		BC4286461DB9A8460048617F /* model */ = {
			isa = PBXGroup;
			children = (
			);
			path = model;
			sourceTree = "<group>";
		};
		BC4286471DB9A8460048617F /* view */ = {
			isa = PBXGroup;
			children = (
			);
			path = view;
			sourceTree = "<group>";
		};
		BC4286481DB9A8460048617F /* Ingredients食材 */ = {
			isa = PBXGroup;
			children = (
				BCB26E1B1DCC17EC0067380F /* Recommend推荐 */,
				BCD94C3A1DCAD290002CDF5A /* Service处理公共点击事件 */,
				BC4286491DB9A8460048617F /* Category分类 */,
				BC42864D1DB9A8460048617F /* Main主要模块 */,
				BC4286511DB9A8460048617F /* Material食材 */,
			);
			path = "Ingredients食材";
			sourceTree = "<group>";
		};
		BC4286491DB9A8460048617F /* Category分类 */ = {
			isa = PBXGroup;
			children = (
				BC42864A1DB9A8460048617F /* controller */,
				BC42864B1DB9A8460048617F /* model */,
				BC42864C1DB9A8460048617F /* view */,
			);
			path = "Category分类";
			sourceTree = "<group>";
		};
		BC42864A1DB9A8460048617F /* controller */ = {
			isa = PBXGroup;
			children = (
			);
			path = controller;
			sourceTree = "<group>";
		};
		BC42864B1DB9A8460048617F /* model */ = {
			isa = PBXGroup;
			children = (
			);
			path = model;
			sourceTree = "<group>";
		};
		BC42864C1DB9A8460048617F /* view */ = {
			isa = PBXGroup;
			children = (
			);
			path = view;
			sourceTree = "<group>";
		};
		BC42864D1DB9A8460048617F /* Main主要模块 */ = {
			isa = PBXGroup;
			children = (
				BC42864E1DB9A8460048617F /* controller */,
				BC42864F1DB9A8460048617F /* model */,
				BC4286501DB9A8460048617F /* view */,
			);
			path = "Main主要模块";
			sourceTree = "<group>";
		};
		BC42864E1DB9A8460048617F /* controller */ = {
			isa = PBXGroup;
			children = (
				BC42866D1DB9AAC50048617F /* IngredientsViewController.swift */,
			);
			path = controller;
			sourceTree = "<group>";
		};
		BC42864F1DB9A8460048617F /* model */ = {
			isa = PBXGroup;
			children = (
				BCF254431DBDB6D100ABD6A7 /* IngreRecommend.swift */,
			);
			path = model;
			sourceTree = "<group>";
		};
		BC4286501DB9A8460048617F /* view */ = {
			isa = PBXGroup;
			children = (
				BC8D59501DBEED5F0029E631 /* IngreRecommendView.swift */,
				BCC45EDE1DC05381009BC6EC /* IngreLikeHeaderView.swift */,
			);
			path = view;
			sourceTree = "<group>";
		};
		BC4286511DB9A8460048617F /* Material食材 */ = {
			isa = PBXGroup;
			children = (
				BC4286521DB9A8460048617F /* controller */,
				BC4286531DB9A8460048617F /* model */,
				BC4286541DB9A8460048617F /* view */,
			);
			path = "Material食材";
			sourceTree = "<group>";
		};
		BC4286521DB9A8460048617F /* controller */ = {
			isa = PBXGroup;
			children = (
			);
			path = controller;
			sourceTree = "<group>";
		};
		BC4286531DB9A8460048617F /* model */ = {
			isa = PBXGroup;
			children = (
				BCB3A46A1DC9801400A076B0 /* IngreMaterial.swift */,
			);
			path = model;
			sourceTree = "<group>";
		};
		BC4286541DB9A8460048617F /* view */ = {
			isa = PBXGroup;
			children = (
				BC6C13821DC8428800C744BD /* IngreMaterialView.swift */,
				BCB3A46C1DC9909A00A076B0 /* IngreMaterialCell.swift */,
			);
			path = view;
			sourceTree = "<group>";
		};
		BC4286591DB9A8460048617F /* Mall商城 */ = {
			isa = PBXGroup;
			children = (
				BC42865A1DB9A8460048617F /* Main主要模块 */,
			);
			path = "Mall商城";
			sourceTree = "<group>";
		};
		BC42865A1DB9A8460048617F /* Main主要模块 */ = {
			isa = PBXGroup;
			children = (
				BC42865B1DB9A8460048617F /* controller */,
				BC42865C1DB9A8460048617F /* model */,
				BC42865D1DB9A8460048617F /* view */,
			);
			path = "Main主要模块";
			sourceTree = "<group>";
		};
		BC42865B1DB9A8460048617F /* controller */ = {
			isa = PBXGroup;
			children = (
				BC42866B1DB9AAB10048617F /* MallViewController.swift */,
			);
			path = controller;
			sourceTree = "<group>";
		};
		BC42865C1DB9A8460048617F /* model */ = {
			isa = PBXGroup;
			children = (
			);
			path = model;
			sourceTree = "<group>";
		};
		BC42865D1DB9A8460048617F /* view */ = {
			isa = PBXGroup;
			children = (
			);
			path = view;
			sourceTree = "<group>";
		};
		BC42865E1DB9A8460048617F /* Profile我的 */ = {
			isa = PBXGroup;
			children = (
				BC42865F1DB9A8460048617F /* Main主要模块 */,
			);
			path = "Profile我的";
			sourceTree = "<group>";
		};
		BC42865F1DB9A8460048617F /* Main主要模块 */ = {
			isa = PBXGroup;
			children = (
				BC4286601DB9A8460048617F /* controller */,
				BC4286611DB9A8460048617F /* model */,
				BC4286621DB9A8460048617F /* view */,
			);
			path = "Main主要模块";
			sourceTree = "<group>";
		};
		BC4286601DB9A8460048617F /* controller */ = {
			isa = PBXGroup;
			children = (
				BC4286691DB9AA9A0048617F /* ProfileViewController.swift */,
			);
			path = controller;
			sourceTree = "<group>";
		};
		BC4286611DB9A8460048617F /* model */ = {
			isa = PBXGroup;
			children = (
			);
			path = model;
			sourceTree = "<group>";
		};
		BC4286621DB9A8460048617F /* view */ = {
			isa = PBXGroup;
			children = (
			);
			path = view;
			sourceTree = "<group>";
		};
		BC4286631DB9A8460048617F /* Public公共类 */ = {
			isa = PBXGroup;
			children = (
				BC4286651DB9A9290048617F /* BaseViewController.swift */,
				BC4286731DB9AB830048617F /* MainTabBarViewController.swift */,
				BC4286A61DB9B9820048617F /* UIView+Common.swift */,
				BC4286A81DB9BA0E0048617F /* UILabel+Commom.swift */,
				BC4286AA1DB9BB820048617F /* UIButton+Common.swift */,
				BC4286AC1DB9C3890048617F /* Const.swift */,
				BCF2543F1DBD9BF700ABD6A7 /* Controllers.json */,
				BCF254411DBDADA700ABD6A7 /* KTCDownloader.swift */,
				BC6C13801DC839D100C744BD /* KTCSegCtrl.swift */,
				BCB26E781DCC75130067380F /* KTCTabViewController.swift */,
			);
			path = "Public公共类";
			sourceTree = "<group>";
		};
		BCB26E1B1DCC17EC0067380F /* Recommend推荐 */ = {
			isa = PBXGroup;
			children = (
				BCB26E1C1DCC17EC0067380F /* FoodCourse食材课程 */,
				BCB26E221DCC17EC0067380F /* Main主要模块 */,
			);
			path = "Recommend推荐";
			sourceTree = "<group>";
		};
		BCB26E1C1DCC17EC0067380F /* FoodCourse食材课程 */ = {
			isa = PBXGroup;
			children = (
				BCB26E1D1DCC17EC0067380F /* controller */,
				BCB26E1F1DCC17EC0067380F /* model */,
				BCB26E211DCC17EC0067380F /* view */,
			);
			path = "FoodCourse食材课程";
			sourceTree = "<group>";
		};
		BCB26E1D1DCC17EC0067380F /* controller */ = {
			isa = PBXGroup;
			children = (
				BCB26E1E1DCC17EC0067380F /* FoodCourseController.swift */,
			);
			path = controller;
			sourceTree = "<group>";
		};
		BCB26E1F1DCC17EC0067380F /* model */ = {
			isa = PBXGroup;
			children = (
				BCB26E201DCC17EC0067380F /* FoodCourseDetail.swift */,
				BCB26E721DCC696B0067380F /* FoodCourseComment.swift */,
			);
			path = model;
			sourceTree = "<group>";
		};
		BCB26E211DCC17EC0067380F /* view */ = {
			isa = PBXGroup;
			children = (
				BCB26E4E1DCC183E0067380F /* FCVideoCell.swift */,
				BCB26E4F1DCC183E0067380F /* FCVideoCell.xib */,
				BCB26E521DCC24B10067380F /* SubjectCell.swift */,
				BCB26E531DCC24B10067380F /* SubjectCell.xib */,
				BCB26E621DCC2F700067380F /* FCSerialCell.swift */,
				BCB26E6E1DCC69500067380F /* FCCommentCell.swift */,
				BCB26E6F1DCC69500067380F /* FCCommentCell.xib */,
				BCB26E7E1DCC7E6B0067380F /* FCCommentHeader.swift */,
				BCB26E801DCC7E920067380F /* FCCommentHeader.xib */,
			);
			path = view;
			sourceTree = "<group>";
		};
		BCB26E221DCC17EC0067380F /* Main主要模块 */ = {
			isa = PBXGroup;
			children = (
				BCB26E231DCC17EC0067380F /* controller */,
				BCB26E241DCC17EC0067380F /* model */,
				BCB26E251DCC17EC0067380F /* view */,
			);
			path = "Main主要模块";
			sourceTree = "<group>";
		};
		BCB26E231DCC17EC0067380F /* controller */ = {
			isa = PBXGroup;
			children = (
			);
			path = controller;
			sourceTree = "<group>";
		};
		BCB26E241DCC17EC0067380F /* model */ = {
			isa = PBXGroup;
			children = (
			);
			path = model;
			sourceTree = "<group>";
		};
		BCB26E251DCC17EC0067380F /* view */ = {
			isa = PBXGroup;
			children = (
				BCB26E261DCC17EC0067380F /* IngreBannerCell.swift */,
				BCB26E271DCC17EC0067380F /* IngreBannerCell.xib */,
				BCB26E281DCC17EC0067380F /* IngreHeaderView.swift */,
				BCB26E291DCC17EC0067380F /* IngreLikeCell.swift */,
				BCB26E2A1DCC17EC0067380F /* IngreLikeCell.xib */,
				BCB26E2B1DCC17EC0067380F /* IngrePostCell.swift */,
				BCB26E2C1DCC17EC0067380F /* IngrePostCell.xib */,
				BCB26E2D1DCC17EC0067380F /* IngreRedPacketCell.swift */,
				BCB26E2E1DCC17EC0067380F /* IngreRedPacketCell.xib */,
				BCB26E2F1DCC17EC0067380F /* IngreSceneCell.swift */,
				BCB26E301DCC17EC0067380F /* IngreSceneCell.xib */,
				BCB26E311DCC17EC0067380F /* IngreSceneListCell.swift */,
				BCB26E321DCC17EC0067380F /* IngreSceneListCell.xib */,
				BCB26E331DCC17EC0067380F /* IngreTalnetCell.swift */,
				BCB26E341DCC17EC0067380F /* IngreTalnetCell.xib */,
				BCB26E351DCC17EC0067380F /* IngreTodayCell.swift */,
				BCB26E361DCC17EC0067380F /* IngreTodayCell.xib */,
				BCB26E371DCC17EC0067380F /* IngreTopicCell.swift */,
				BCB26E381DCC17EC0067380F /* IngreTopicCell.xib */,
			);
			path = view;
			sourceTree = "<group>";
		};
		BCD94C3A1DCAD290002CDF5A /* Service处理公共点击事件 */ = {
			isa = PBXGroup;
			children = (
				BCD94C3B1DCAD2B1002CDF5A /* KTCService.swift */,
				BCD94C3D1DCAD34A002CDF5A /* FoodCourseService.swift */,
				BCD94C3F1DCAD3CA002CDF5A /* WebViewService.swift */,
				BCD94C411DCAD3E1002CDF5A /* FoodMatchService.swift */,
				BCD94C431DCAD3F0002CDF5A /* SceneListService.swift */,
				BCD94C451DCAD403002CDF5A /* FavouritesService.swift */,
				BCD94C471DCAD416002CDF5A /* SceneService.swift */,
				BCD94C491DCAD427002CDF5A /* DishService.swift */,
				BCD94C4B1DCAD431002CDF5A /* VideoService.swift */,
				BCD94C4D1DCAD44E002CDF5A /* RecommendTalnetService.swift */,
				BCD94C4F1DCAD468002CDF5A /* TalentService.swift */,
				BCD94C511DCAD482002CDF5A /* BoutiquepostService.swift */,
				BCD94C531DCAD493002CDF5A /* PostService.swift */,
				BCD94C551DCAD4A5002CDF5A /* SubjectListService.swift */,
				BCD94C571DCAD4B2002CDF5A /* MaterialService.swift */,
			);
			path = "Service处理公共点击事件";
			sourceTree = "<group>";
		};
/* End PBXGroup section */

/* Begin PBXNativeTarget section */
		BC42860A1DB9A5060048617F /* TestKitchen */ = {
			isa = PBXNativeTarget;
			buildConfigurationList = BC4286331DB9A5060048617F /* Build configuration list for PBXNativeTarget "TestKitchen" */;
			buildPhases = (
				AF463B38698E23B241598E67 /* [CP] Check Pods Manifest.lock */,
				BC4286071DB9A5060048617F /* Sources */,
				BC4286081DB9A5060048617F /* Frameworks */,
				BC4286091DB9A5060048617F /* Resources */,
				4D39A80576D544517C7AD7E0 /* [CP] Embed Pods Frameworks */,
				AA537640DDFCA72E0BC3219E /* [CP] Copy Pods Resources */,
			);
			buildRules = (
			);
			dependencies = (
			);
			name = TestKitchen;
			productName = TestKitchen;
			productReference = BC42860B1DB9A5060048617F /* TestKitchen.app */;
			productType = "com.apple.product-type.application";
		};
		BC42861E1DB9A5060048617F /* TestKitchenTests */ = {
			isa = PBXNativeTarget;
			buildConfigurationList = BC4286361DB9A5060048617F /* Build configuration list for PBXNativeTarget "TestKitchenTests" */;
			buildPhases = (
				BC42861B1DB9A5060048617F /* Sources */,
				BC42861C1DB9A5060048617F /* Frameworks */,
				BC42861D1DB9A5060048617F /* Resources */,
			);
			buildRules = (
			);
			dependencies = (
				BC4286211DB9A5060048617F /* PBXTargetDependency */,
			);
			name = TestKitchenTests;
			productName = TestKitchenTests;
			productReference = BC42861F1DB9A5060048617F /* TestKitchenTests.xctest */;
			productType = "com.apple.product-type.bundle.unit-test";
		};
		BC4286291DB9A5060048617F /* TestKitchenUITests */ = {
			isa = PBXNativeTarget;
			buildConfigurationList = BC4286391DB9A5060048617F /* Build configuration list for PBXNativeTarget "TestKitchenUITests" */;
			buildPhases = (
				BC4286261DB9A5060048617F /* Sources */,
				BC4286271DB9A5060048617F /* Frameworks */,
				BC4286281DB9A5060048617F /* Resources */,
			);
			buildRules = (
			);
			dependencies = (
				BC42862C1DB9A5060048617F /* PBXTargetDependency */,
			);
			name = TestKitchenUITests;
			productName = TestKitchenUITests;
			productReference = BC42862A1DB9A5060048617F /* TestKitchenUITests.xctest */;
			productType = "com.apple.product-type.bundle.ui-testing";
		};
/* End PBXNativeTarget section */

/* Begin PBXProject section */
		BC4286031DB9A5060048617F /* Project object */ = {
			isa = PBXProject;
			attributes = {
				LastSwiftUpdateCheck = 0730;
				LastUpgradeCheck = 0730;
				ORGANIZATIONNAME = zzj;
				TargetAttributes = {
					BC42860A1DB9A5060048617F = {
						CreatedOnToolsVersion = 7.3.1;
					};
					BC42861E1DB9A5060048617F = {
						CreatedOnToolsVersion = 7.3.1;
						TestTargetID = BC42860A1DB9A5060048617F;
					};
					BC4286291DB9A5060048617F = {
						CreatedOnToolsVersion = 7.3.1;
						TestTargetID = BC42860A1DB9A5060048617F;
					};
				};
			};
			buildConfigurationList = BC4286061DB9A5060048617F /* Build configuration list for PBXProject "TestKitchen" */;
			compatibilityVersion = "Xcode 3.2";
			developmentRegion = English;
			hasScannedForEncodings = 0;
			knownRegions = (
				en,
				Base,
			);
			mainGroup = BC4286021DB9A5060048617F;
			productRefGroup = BC42860C1DB9A5060048617F /* Products */;
			projectDirPath = "";
			projectRoot = "";
			targets = (
				BC42860A1DB9A5060048617F /* TestKitchen */,
				BC42861E1DB9A5060048617F /* TestKitchenTests */,
				BC4286291DB9A5060048617F /* TestKitchenUITests */,
			);
		};
/* End PBXProject section */

/* Begin PBXResourcesBuildPhase section */
		BC4286091DB9A5060048617F /* Resources */ = {
			isa = PBXResourcesBuildPhase;
			buildActionMask = 2147483647;
			files = (
				1E0B30481DF93C2A003FE38C /* play-A@3x.png in Resources */,
				1E0B30461DF93C2A003FE38C /* more_icon.png in Resources */,
				BCB26E3F1DCC17EC0067380F /* IngreLikeCell.xib in Resources */,
				1E0B30371DF93C2A003FE38C /* home_normal@3x.png in Resources */,
				1E0B30351DF93C2A003FE38C /* community_select@3x.png in Resources */,
				1E0B303C1DF93C2A003FE38C /* mine_select@2x.png in Resources */,
				1E0B30321DF93C2A003FE38C /* community_normal@2x.png in Resources */,
				BCB26E471DCC17EC0067380F /* IngreSceneListCell.xib in Resources */,
				BCB26E451DCC17EC0067380F /* IngreSceneCell.xib in Resources */,
				BCF254401DBD9BF700ABD6A7 /* Controllers.json in Resources */,
				BC4286191DB9A5060048617F /* LaunchScreen.storyboard in Resources */,
				1E0B30451DF93C2A003FE38C /* shop_select@3x.png in Resources */,
				BCB26E4B1DCC17EC0067380F /* IngreTodayCell.xib in Resources */,
				1E0B304A1DF93C2A003FE38C /* report_normal@2x.png in Resources */,
				1E0B303E1DF93C2A003FE38C /* shike_normal@2x.png in Resources */,
				1E0B30361DF93C2A003FE38C /* home_normal@2x.png in Resources */,
				1E0B304B1DF93C2A003FE38C /* report_normal@3x.png in Resources */,
				BCB26E811DCC7E920067380F /* FCCommentHeader.xib in Resources */,
				1E0B303D1DF93C2A003FE38C /* mine_select@3x.png in Resources */,
				1E0B30491DF93C2A003FE38C /* play.png in Resources */,
				1E0B30331DF93C2A003FE38C /* community_normal@3x.png in Resources */,
				BCB26E551DCC24B10067380F /* SubjectCell.xib in Resources */,
				BCB26E4D1DCC17EC0067380F /* IngreTopicCell.xib in Resources */,
				1E0B30311DF93C2A003FE38C /* search@3x.png in Resources */,
				1E0B302E1DF93C2A003FE38C /* saoyisao@2x.png in Resources */,
				1E0B30341DF93C2A003FE38C /* community_select@2x.png in Resources */,
				1E0B302B1DF93C2A003FE38C /* sdefaultImage.png in Resources */,
				1E0B302F1DF93C2A003FE38C /* saoyisao@3x.png in Resources */,
				1E0B303A1DF93C2A003FE38C /* mine_normal@2x.png in Resources */,
				1E0B302C1DF93C2A003FE38C /* navBar.png in Resources */,
				1E0B304C1DF93C2A003FE38C /* search1.png in Resources */,
				BCB26E711DCC69500067380F /* FCCommentCell.xib in Resources */,
				BCB26E511DCC183E0067380F /* FCVideoCell.xib in Resources */,
				1E0B30401DF93C2A003FE38C /* shike_select@2x.png in Resources */,
				BCB26E491DCC17EC0067380F /* IngreTalnetCell.xib in Resources */,
				1E0B30411DF93C2A003FE38C /* shike_select@3x.png in Resources */,
				1E0B303F1DF93C2A003FE38C /* shike_normal@3x.png in Resources */,
				1E0B30441DF93C2A003FE38C /* shop_select@2x.png in Resources */,
				BC4286161DB9A5060048617F /* Assets.xcassets in Resources */,
				1E0B30391DF93C2A003FE38C /* home_select@3x.png in Resources */,
				1E0B302D1DF93C2A003FE38C /* navBtn_bag.png in Resources */,
				1E0B30471DF93C2A003FE38C /* play-A@2x.png in Resources */,
				1E0B30421DF93C2A003FE38C /* shop_normal@2x.png in Resources */,
				BCB26E411DCC17EC0067380F /* IngrePostCell.xib in Resources */,
				1E0B30381DF93C2A003FE38C /* home_select@2x.png in Resources */,
				1E0B30431DF93C2A003FE38C /* shop_normal@3x.png in Resources */,
				BCB26E431DCC17EC0067380F /* IngreRedPacketCell.xib in Resources */,
				1E0B30301DF93C2A003FE38C /* search@2x.png in Resources */,
				BC4286141DB9A5060048617F /* Main.storyboard in Resources */,
				BCB26E3C1DCC17EC0067380F /* IngreBannerCell.xib in Resources */,
				1E0B303B1DF93C2A003FE38C /* mine_normal@3x.png in Resources */,
			);
			runOnlyForDeploymentPostprocessing = 0;
		};
		BC42861D1DB9A5060048617F /* Resources */ = {
			isa = PBXResourcesBuildPhase;
			buildActionMask = 2147483647;
			files = (
			);
			runOnlyForDeploymentPostprocessing = 0;
		};
		BC4286281DB9A5060048617F /* Resources */ = {
			isa = PBXResourcesBuildPhase;
			buildActionMask = 2147483647;
			files = (
			);
			runOnlyForDeploymentPostprocessing = 0;
		};
/* End PBXResourcesBuildPhase section */

/* Begin PBXShellScriptBuildPhase section */
		4D39A80576D544517C7AD7E0 /* [CP] Embed Pods Frameworks */ = {
			isa = PBXShellScriptBuildPhase;
			buildActionMask = 2147483647;
			files = (
			);
			inputPaths = (
			);
			name = "[CP] Embed Pods Frameworks";
			outputPaths = (
			);
			runOnlyForDeploymentPostprocessing = 0;
			shellPath = /bin/sh;
			shellScript = "\"${SRCROOT}/Pods/Target Support Files/Pods-TestKitchen/Pods-TestKitchen-frameworks.sh\"\n";
			showEnvVarsInLog = 0;
		};
		AA537640DDFCA72E0BC3219E /* [CP] Copy Pods Resources */ = {
			isa = PBXShellScriptBuildPhase;
			buildActionMask = 2147483647;
			files = (
			);
			inputPaths = (
			);
			name = "[CP] Copy Pods Resources";
			outputPaths = (
			);
			runOnlyForDeploymentPostprocessing = 0;
			shellPath = /bin/sh;
			shellScript = "\"${SRCROOT}/Pods/Target Support Files/Pods-TestKitchen/Pods-TestKitchen-resources.sh\"\n";
			showEnvVarsInLog = 0;
		};
		AF463B38698E23B241598E67 /* [CP] Check Pods Manifest.lock */ = {
			isa = PBXShellScriptBuildPhase;
			buildActionMask = 2147483647;
			files = (
			);
			inputPaths = (
			);
			name = "[CP] Check Pods Manifest.lock";
			outputPaths = (
			);
			runOnlyForDeploymentPostprocessing = 0;
			shellPath = /bin/sh;
			shellScript = "diff \"${PODS_ROOT}/../Podfile.lock\" \"${PODS_ROOT}/Manifest.lock\" > /dev/null\nif [ $? != 0 ] ; then\n    # print error to STDERR\n    echo \"error: The sandbox is not in sync with the Podfile.lock. Run 'pod install' or update your CocoaPods installation.\" >&2\n    exit 1\nfi\n";
			showEnvVarsInLog = 0;
		};
/* End PBXShellScriptBuildPhase section */

/* Begin PBXSourcesBuildPhase section */
		BC4286071DB9A5060048617F /* Sources */ = {
			isa = PBXSourcesBuildPhase;
			buildActionMask = 2147483647;
			files = (
				BCD94C441DCAD3F0002CDF5A /* SceneListService.swift in Sources */,
				BC6C13831DC8428800C744BD /* IngreMaterialView.swift in Sources */,
				BCC45EDF1DC05381009BC6EC /* IngreLikeHeaderView.swift in Sources */,
				BCB26E4C1DCC17EC0067380F /* IngreTopicCell.swift in Sources */,
				BC42866C1DB9AAB10048617F /* MallViewController.swift in Sources */,
				BC4286A71DB9B9820048617F /* UIView+Common.swift in Sources */,
				BCD94C501DCAD468002CDF5A /* TalentService.swift in Sources */,
				BC4286701DB9AACF0048617F /* FoodClassViewController.swift in Sources */,
				BCB3A46D1DC9909A00A076B0 /* IngreMaterialCell.swift in Sources */,
				BC4286111DB9A5060048617F /* ViewController.swift in Sources */,
				BCD94C4A1DCAD427002CDF5A /* DishService.swift in Sources */,
				BCD94C581DCAD4B2002CDF5A /* MaterialService.swift in Sources */,
				BC4286A91DB9BA0E0048617F /* UILabel+Commom.swift in Sources */,
				BCB26E3B1DCC17EC0067380F /* IngreBannerCell.swift in Sources */,
				BCB26E701DCC69500067380F /* FCCommentCell.swift in Sources */,
				BCD94C421DCAD3E1002CDF5A /* FoodMatchService.swift in Sources */,
				BCB26E7F1DCC7E6B0067380F /* FCCommentHeader.swift in Sources */,
				BCB26E501DCC183E0067380F /* FCVideoCell.swift in Sources */,
				BCF254441DBDB6D100ABD6A7 /* IngreRecommend.swift in Sources */,
				BC4286741DB9AB830048617F /* MainTabBarViewController.swift in Sources */,
				BCB26E3A1DCC17EC0067380F /* FoodCourseDetail.swift in Sources */,
				BCB26E3D1DCC17EC0067380F /* IngreHeaderView.swift in Sources */,
				BCB26E3E1DCC17EC0067380F /* IngreLikeCell.swift in Sources */,
				BCD94C401DCAD3CA002CDF5A /* WebViewService.swift in Sources */,
				BCD94C3E1DCAD34A002CDF5A /* FoodCourseService.swift in Sources */,
				BCB26E391DCC17EC0067380F /* FoodCourseController.swift in Sources */,
				BCB26E731DCC696B0067380F /* FoodCourseComment.swift in Sources */,
				BCB26E4A1DCC17EC0067380F /* IngreTodayCell.swift in Sources */,
				BC42860F1DB9A5060048617F /* AppDelegate.swift in Sources */,
				BC4286721DB9AAE30048617F /* CommunityViewController.swift in Sources */,
				BC42866E1DB9AAC50048617F /* IngredientsViewController.swift in Sources */,
				BCD94C561DCAD4A5002CDF5A /* SubjectListService.swift in Sources */,
				BCD94C4E1DCAD44E002CDF5A /* RecommendTalnetService.swift in Sources */,
				BCB26E421DCC17EC0067380F /* IngreRedPacketCell.swift in Sources */,
				BC42866A1DB9AA9A0048617F /* ProfileViewController.swift in Sources */,
				BCD94C521DCAD482002CDF5A /* BoutiquepostService.swift in Sources */,
				BCD94C541DCAD493002CDF5A /* PostService.swift in Sources */,
				BCB26E461DCC17EC0067380F /* IngreSceneListCell.swift in Sources */,
				BCB26E791DCC75130067380F /* KTCTabViewController.swift in Sources */,
				BCB3A46B1DC9801400A076B0 /* IngreMaterial.swift in Sources */,
				BCB26E401DCC17EC0067380F /* IngrePostCell.swift in Sources */,
				BCD94C461DCAD403002CDF5A /* FavouritesService.swift in Sources */,
				BCB26E441DCC17EC0067380F /* IngreSceneCell.swift in Sources */,
				BC6C13811DC839D100C744BD /* KTCSegCtrl.swift in Sources */,
				BC4286AB1DB9BB820048617F /* UIButton+Common.swift in Sources */,
				BCD94C4C1DCAD431002CDF5A /* VideoService.swift in Sources */,
				BCF254421DBDADA700ABD6A7 /* KTCDownloader.swift in Sources */,
				BC8D59511DBEED5F0029E631 /* IngreRecommendView.swift in Sources */,
				BCB26E541DCC24B10067380F /* SubjectCell.swift in Sources */,
				BC4286661DB9A9290048617F /* BaseViewController.swift in Sources */,
				BC4286AD1DB9C3890048617F /* Const.swift in Sources */,
				BCB26E481DCC17EC0067380F /* IngreTalnetCell.swift in Sources */,
				BCD94C3C1DCAD2B1002CDF5A /* KTCService.swift in Sources */,
				BCD94C481DCAD416002CDF5A /* SceneService.swift in Sources */,
				BCB26E631DCC2F700067380F /* FCSerialCell.swift in Sources */,
			);
			runOnlyForDeploymentPostprocessing = 0;
		};
		BC42861B1DB9A5060048617F /* Sources */ = {
			isa = PBXSourcesBuildPhase;
			buildActionMask = 2147483647;
			files = (
				BC4286241DB9A5060048617F /* TestKitchenTests.swift in Sources */,
			);
			runOnlyForDeploymentPostprocessing = 0;
		};
		BC4286261DB9A5060048617F /* Sources */ = {
			isa = PBXSourcesBuildPhase;
			buildActionMask = 2147483647;
			files = (
				BC42862F1DB9A5060048617F /* TestKitchenUITests.swift in Sources */,
			);
			runOnlyForDeploymentPostprocessing = 0;
		};
/* End PBXSourcesBuildPhase section */

/* Begin PBXTargetDependency section */
		BC4286211DB9A5060048617F /* PBXTargetDependency */ = {
			isa = PBXTargetDependency;
			target = BC42860A1DB9A5060048617F /* TestKitchen */;
			targetProxy = BC4286201DB9A5060048617F /* PBXContainerItemProxy */;
		};
		BC42862C1DB9A5060048617F /* PBXTargetDependency */ = {
			isa = PBXTargetDependency;
			target = BC42860A1DB9A5060048617F /* TestKitchen */;
			targetProxy = BC42862B1DB9A5060048617F /* PBXContainerItemProxy */;
		};
/* End PBXTargetDependency section */

/* Begin PBXVariantGroup section */
		BC4286121DB9A5060048617F /* Main.storyboard */ = {
			isa = PBXVariantGroup;
			children = (
				BC4286131DB9A5060048617F /* Base */,
			);
			name = Main.storyboard;
			sourceTree = "<group>";
		};
		BC4286171DB9A5060048617F /* LaunchScreen.storyboard */ = {
			isa = PBXVariantGroup;
			children = (
				BC4286181DB9A5060048617F /* Base */,
			);
			name = LaunchScreen.storyboard;
			sourceTree = "<group>";
		};
/* End PBXVariantGroup section */

/* Begin XCBuildConfiguration section */
		BC4286311DB9A5060048617F /* Debug */ = {
			isa = XCBuildConfiguration;
			buildSettings = {
				ALWAYS_SEARCH_USER_PATHS = NO;
				CLANG_ANALYZER_NONNULL = YES;
				CLANG_CXX_LANGUAGE_STANDARD = "gnu++0x";
				CLANG_CXX_LIBRARY = "libc++";
				CLANG_ENABLE_MODULES = YES;
				CLANG_ENABLE_OBJC_ARC = YES;
				CLANG_WARN_BOOL_CONVERSION = YES;
				CLANG_WARN_CONSTANT_CONVERSION = YES;
				CLANG_WARN_DIRECT_OBJC_ISA_USAGE = YES_ERROR;
				CLANG_WARN_EMPTY_BODY = YES;
				CLANG_WARN_ENUM_CONVERSION = YES;
				CLANG_WARN_INT_CONVERSION = YES;
				CLANG_WARN_OBJC_ROOT_CLASS = YES_ERROR;
				CLANG_WARN_UNREACHABLE_CODE = YES;
				CLANG_WARN__DUPLICATE_METHOD_MATCH = YES;
				"CODE_SIGN_IDENTITY[sdk=iphoneos*]" = "iPhone Developer";
				COPY_PHASE_STRIP = NO;
				DEBUG_INFORMATION_FORMAT = dwarf;
				ENABLE_STRICT_OBJC_MSGSEND = YES;
				ENABLE_TESTABILITY = YES;
				GCC_C_LANGUAGE_STANDARD = gnu99;
				GCC_DYNAMIC_NO_PIC = NO;
				GCC_NO_COMMON_BLOCKS = YES;
				GCC_OPTIMIZATION_LEVEL = 0;
				GCC_PREPROCESSOR_DEFINITIONS = (
					"DEBUG=1",
					"$(inherited)",
				);
				GCC_WARN_64_TO_32_BIT_CONVERSION = YES;
				GCC_WARN_ABOUT_RETURN_TYPE = YES_ERROR;
				GCC_WARN_UNDECLARED_SELECTOR = YES;
				GCC_WARN_UNINITIALIZED_AUTOS = YES_AGGRESSIVE;
				GCC_WARN_UNUSED_FUNCTION = YES;
				GCC_WARN_UNUSED_VARIABLE = YES;
				IPHONEOS_DEPLOYMENT_TARGET = 9.3;
				MTL_ENABLE_DEBUG_INFO = YES;
				ONLY_ACTIVE_ARCH = YES;
				SDKROOT = iphoneos;
				SWIFT_OPTIMIZATION_LEVEL = "-Onone";
				TARGETED_DEVICE_FAMILY = "1,2";
			};
			name = Debug;
		};
		BC4286321DB9A5060048617F /* Release */ = {
			isa = XCBuildConfiguration;
			buildSettings = {
				ALWAYS_SEARCH_USER_PATHS = NO;
				CLANG_ANALYZER_NONNULL = YES;
				CLANG_CXX_LANGUAGE_STANDARD = "gnu++0x";
				CLANG_CXX_LIBRARY = "libc++";
				CLANG_ENABLE_MODULES = YES;
				CLANG_ENABLE_OBJC_ARC = YES;
				CLANG_WARN_BOOL_CONVERSION = YES;
				CLANG_WARN_CONSTANT_CONVERSION = YES;
				CLANG_WARN_DIRECT_OBJC_ISA_USAGE = YES_ERROR;
				CLANG_WARN_EMPTY_BODY = YES;
				CLANG_WARN_ENUM_CONVERSION = YES;
				CLANG_WARN_INT_CONVERSION = YES;
				CLANG_WARN_OBJC_ROOT_CLASS = YES_ERROR;
				CLANG_WARN_UNREACHABLE_CODE = YES;
				CLANG_WARN__DUPLICATE_METHOD_MATCH = YES;
				"CODE_SIGN_IDENTITY[sdk=iphoneos*]" = "iPhone Developer";
				COPY_PHASE_STRIP = NO;
				DEBUG_INFORMATION_FORMAT = "dwarf-with-dsym";
				ENABLE_NS_ASSERTIONS = NO;
				ENABLE_STRICT_OBJC_MSGSEND = YES;
				GCC_C_LANGUAGE_STANDARD = gnu99;
				GCC_NO_COMMON_BLOCKS = YES;
				GCC_WARN_64_TO_32_BIT_CONVERSION = YES;
				GCC_WARN_ABOUT_RETURN_TYPE = YES_ERROR;
				GCC_WARN_UNDECLARED_SELECTOR = YES;
				GCC_WARN_UNINITIALIZED_AUTOS = YES_AGGRESSIVE;
				GCC_WARN_UNUSED_FUNCTION = YES;
				GCC_WARN_UNUSED_VARIABLE = YES;
				IPHONEOS_DEPLOYMENT_TARGET = 9.3;
				MTL_ENABLE_DEBUG_INFO = NO;
				SDKROOT = iphoneos;
				TARGETED_DEVICE_FAMILY = "1,2";
				VALIDATE_PRODUCT = YES;
			};
			name = Release;
		};
		BC4286341DB9A5060048617F /* Debug */ = {
			isa = XCBuildConfiguration;
			baseConfigurationReference = 170C38FD929CBFC32AAC6E0E /* Pods-TestKitchen.debug.xcconfig */;
			buildSettings = {
				ASSETCATALOG_COMPILER_APPICON_NAME = AppIcon;
				ASSETCATALOG_COMPILER_LAUNCHIMAGE_NAME = LaunchImage;
				INFOPLIST_FILE = TestKitchen/Info.plist;
				LD_RUNPATH_SEARCH_PATHS = "$(inherited) @executable_path/Frameworks";
				PRODUCT_BUNDLE_IDENTIFIER = zzj.TestKitchen;
				PRODUCT_NAME = "$(TARGET_NAME)";
				TARGETED_DEVICE_FAMILY = 1;
			};
			name = Debug;
		};
		BC4286351DB9A5060048617F /* Release */ = {
			isa = XCBuildConfiguration;
			baseConfigurationReference = F623F3E7899BF83812627EC9 /* Pods-TestKitchen.release.xcconfig */;
			buildSettings = {
				ASSETCATALOG_COMPILER_APPICON_NAME = AppIcon;
				ASSETCATALOG_COMPILER_LAUNCHIMAGE_NAME = LaunchImage;
				INFOPLIST_FILE = TestKitchen/Info.plist;
				LD_RUNPATH_SEARCH_PATHS = "$(inherited) @executable_path/Frameworks";
				PRODUCT_BUNDLE_IDENTIFIER = zzj.TestKitchen;
				PRODUCT_NAME = "$(TARGET_NAME)";
				TARGETED_DEVICE_FAMILY = 1;
			};
			name = Release;
		};
		BC4286371DB9A5060048617F /* Debug */ = {
			isa = XCBuildConfiguration;
			buildSettings = {
				BUNDLE_LOADER = "$(TEST_HOST)";
				INFOPLIST_FILE = TestKitchenTests/Info.plist;
				LD_RUNPATH_SEARCH_PATHS = "$(inherited) @executable_path/Frameworks @loader_path/Frameworks";
				PRODUCT_BUNDLE_IDENTIFIER = zzj.TestKitchenTests;
				PRODUCT_NAME = "$(TARGET_NAME)";
				TEST_HOST = "$(BUILT_PRODUCTS_DIR)/TestKitchen.app/TestKitchen";
			};
			name = Debug;
		};
		BC4286381DB9A5060048617F /* Release */ = {
			isa = XCBuildConfiguration;
			buildSettings = {
				BUNDLE_LOADER = "$(TEST_HOST)";
				INFOPLIST_FILE = TestKitchenTests/Info.plist;
				LD_RUNPATH_SEARCH_PATHS = "$(inherited) @executable_path/Frameworks @loader_path/Frameworks";
				PRODUCT_BUNDLE_IDENTIFIER = zzj.TestKitchenTests;
				PRODUCT_NAME = "$(TARGET_NAME)";
				TEST_HOST = "$(BUILT_PRODUCTS_DIR)/TestKitchen.app/TestKitchen";
			};
			name = Release;
		};
		BC42863A1DB9A5060048617F /* Debug */ = {
			isa = XCBuildConfiguration;
			buildSettings = {
				INFOPLIST_FILE = TestKitchenUITests/Info.plist;
				LD_RUNPATH_SEARCH_PATHS = "$(inherited) @executable_path/Frameworks @loader_path/Frameworks";
				PRODUCT_BUNDLE_IDENTIFIER = zzj.TestKitchenUITests;
				PRODUCT_NAME = "$(TARGET_NAME)";
				TEST_TARGET_NAME = TestKitchen;
			};
			name = Debug;
		};
		BC42863B1DB9A5060048617F /* Release */ = {
			isa = XCBuildConfiguration;
			buildSettings = {
				INFOPLIST_FILE = TestKitchenUITests/Info.plist;
				LD_RUNPATH_SEARCH_PATHS = "$(inherited) @executable_path/Frameworks @loader_path/Frameworks";
				PRODUCT_BUNDLE_IDENTIFIER = zzj.TestKitchenUITests;
				PRODUCT_NAME = "$(TARGET_NAME)";
				TEST_TARGET_NAME = TestKitchen;
			};
			name = Release;
		};
/* End XCBuildConfiguration section */

/* Begin XCConfigurationList section */
		BC4286061DB9A5060048617F /* Build configuration list for PBXProject "TestKitchen" */ = {
			isa = XCConfigurationList;
			buildConfigurations = (
				BC4286311DB9A5060048617F /* Debug */,
				BC4286321DB9A5060048617F /* Release */,
			);
			defaultConfigurationIsVisible = 0;
			defaultConfigurationName = Release;
		};
		BC4286331DB9A5060048617F /* Build configuration list for PBXNativeTarget "TestKitchen" */ = {
			isa = XCConfigurationList;
			buildConfigurations = (
				BC4286341DB9A5060048617F /* Debug */,
				BC4286351DB9A5060048617F /* Release */,
			);
			defaultConfigurationIsVisible = 0;
			defaultConfigurationName = Release;
		};
		BC4286361DB9A5060048617F /* Build configuration list for PBXNativeTarget "TestKitchenTests" */ = {
			isa = XCConfigurationList;
			buildConfigurations = (
				BC4286371DB9A5060048617F /* Debug */,
				BC4286381DB9A5060048617F /* Release */,
			);
			defaultConfigurationIsVisible = 0;
			defaultConfigurationName = Release;
		};
		BC4286391DB9A5060048617F /* Build configuration list for PBXNativeTarget "TestKitchenUITests" */ = {
			isa = XCConfigurationList;
			buildConfigurations = (
				BC42863A1DB9A5060048617F /* Debug */,
				BC42863B1DB9A5060048617F /* Release */,
			);
			defaultConfigurationIsVisible = 0;
			defaultConfigurationName = Release;
		};
/* End XCConfigurationList section */
	};
	rootObject = BC4286031DB9A5060048617F /* Project object */;
}
